
Microsoft Visual Studio Solution File, Format Version 12.00
# Visual Studio 14
VisualStudioVersion = 14.0.25420.1
MinimumVisualStudioVersion = 10.0.40219.1
Project("{2150E333-8FDC-42A3-9474-1A3956D46DE8}") = "Samples", "Samples", "{E59944F3-3F7E-4B5E-BE6A-504A6A0B4815}"
EndProject
Project("{8BC9CEB8-8B4A-11D0-8D11-00A0C91BC942}") = "SpinningCube", "Samples\SpinningCube\SpinningCube.vcxproj", "{CC6B7BC0-284E-43FD-B4C4-C451A4E944FA}"
	ProjectSection(ProjectDependencies) = postProject
		{6BC9C817-FD14-4540-A9C0-63CF16F770A6} = {6BC9C817-FD14-4540-A9C0-63CF16F770A6}
	EndProjectSection
EndProject
Project("{8BC9CEB8-8B4A-11D0-8D11-00A0C91BC942}") = "Toolkit3DLibrary", "Toolkit3DLibrary\Toolkit3DLibrary.vcxproj", "{6BC9C817-FD14-4540-A9C0-63CF16F770A6}"
EndProject
Project("{8BC9CEB8-8B4A-11D0-8D11-00A0C91BC942}") = "MultithreadedRendering11", "Samples\MultithreadedRendering\MultithreadedRendering11_2012.vcxproj", "{D3D11103-96D0-4629-88B8-122C0256058C}"
EndProject
Project("{8BC9CEB8-8B4A-11D0-8D11-00A0C91BC942}") = "WebRTCNativeClient", "..\WebRTCNativeClient\WebRTCNativeClient.vcxproj", "{3584A64E-FEEC-402B-9D3C-21A6930FF32B}"
	ProjectSection(ProjectDependencies) = postProject
		{84DA0532-9D88-4118-B454-C4801178A330} = {84DA0532-9D88-4118-B454-C4801178A330}
	EndProjectSection
EndProject
Project("{8BC9CEB8-8B4A-11D0-8D11-00A0C91BC942}") = "VideoTestRunner", "VideoTestRunner\VideoTestRunner.vcxproj", "{CA5235E8-C2DA-4E7B-A200-8AAFE4DB070B}"
EndProject
Project("{8BC9CEB8-8B4A-11D0-8D11-00A0C91BC942}") = "NvEncoder", "NvEncoder\NvEncoder.vcxproj", "{84DA0532-9D88-4118-B454-C4801178A330}"
EndProject
Global
	GlobalSection(SolutionConfigurationPlatforms) = preSolution
		Debug|x64 = Debug|x64
		Debug|x86 = Debug|x86
		Profile|x64 = Profile|x64
		Profile|x86 = Profile|x86
		Release|x64 = Release|x64
		Release|x86 = Release|x86
		TestRunner|x64 = TestRunner|x64
		TestRunner|x86 = TestRunner|x86
	EndGlobalSection
	GlobalSection(ProjectConfigurationPlatforms) = postSolution
		{CC6B7BC0-284E-43FD-B4C4-C451A4E944FA}.Debug|x64.ActiveCfg = Debug|x64
		{CC6B7BC0-284E-43FD-B4C4-C451A4E944FA}.Debug|x64.Build.0 = Debug|x64
		{CC6B7BC0-284E-43FD-B4C4-C451A4E944FA}.Debug|x86.ActiveCfg = Debug|Win32
		{CC6B7BC0-284E-43FD-B4C4-C451A4E944FA}.Debug|x86.Build.0 = Debug|Win32
		{CC6B7BC0-284E-43FD-B4C4-C451A4E944FA}.Profile|x64.ActiveCfg = Release|x64
		{CC6B7BC0-284E-43FD-B4C4-C451A4E944FA}.Profile|x64.Build.0 = Release|x64
		{CC6B7BC0-284E-43FD-B4C4-C451A4E944FA}.Profile|x86.ActiveCfg = Release|Win32
		{CC6B7BC0-284E-43FD-B4C4-C451A4E944FA}.Release|x64.ActiveCfg = Release|x64
		{CC6B7BC0-284E-43FD-B4C4-C451A4E944FA}.Release|x64.Build.0 = Release|x64
		{CC6B7BC0-284E-43FD-B4C4-C451A4E944FA}.Release|x86.ActiveCfg = Release|Win32
		{CC6B7BC0-284E-43FD-B4C4-C451A4E944FA}.Release|x86.Build.0 = Release|Win32
		{CC6B7BC0-284E-43FD-B4C4-C451A4E944FA}.TestRunner|x64.ActiveCfg = TestRunner|x64
		{CC6B7BC0-284E-43FD-B4C4-C451A4E944FA}.TestRunner|x64.Build.0 = TestRunner|x64
		{CC6B7BC0-284E-43FD-B4C4-C451A4E944FA}.TestRunner|x86.ActiveCfg = TestRunner|Win32
		{CC6B7BC0-284E-43FD-B4C4-C451A4E944FA}.TestRunner|x86.Build.0 = TestRunner|Win32
		{6BC9C817-FD14-4540-A9C0-63CF16F770A6}.Debug|x64.ActiveCfg = Debug|x64
		{6BC9C817-FD14-4540-A9C0-63CF16F770A6}.Debug|x64.Build.0 = Debug|x64
		{6BC9C817-FD14-4540-A9C0-63CF16F770A6}.Debug|x86.ActiveCfg = Debug|Win32
		{6BC9C817-FD14-4540-A9C0-63CF16F770A6}.Debug|x86.Build.0 = Debug|Win32
		{6BC9C817-FD14-4540-A9C0-63CF16F770A6}.Profile|x64.ActiveCfg = Release|x64
		{6BC9C817-FD14-4540-A9C0-63CF16F770A6}.Profile|x64.Build.0 = Release|x64
		{6BC9C817-FD14-4540-A9C0-63CF16F770A6}.Profile|x86.ActiveCfg = Release|Win32
		{6BC9C817-FD14-4540-A9C0-63CF16F770A6}.Release|x64.ActiveCfg = Release|x64
		{6BC9C817-FD14-4540-A9C0-63CF16F770A6}.Release|x64.Build.0 = Release|x64
		{6BC9C817-FD14-4540-A9C0-63CF16F770A6}.Release|x86.ActiveCfg = Release|Win32
		{6BC9C817-FD14-4540-A9C0-63CF16F770A6}.Release|x86.Build.0 = Release|Win32
		{6BC9C817-FD14-4540-A9C0-63CF16F770A6}.TestRunner|x64.ActiveCfg = TestRunner|x64
		{6BC9C817-FD14-4540-A9C0-63CF16F770A6}.TestRunner|x64.Build.0 = TestRunner|x64
		{6BC9C817-FD14-4540-A9C0-63CF16F770A6}.TestRunner|x86.ActiveCfg = TestRunner|Win32
		{6BC9C817-FD14-4540-A9C0-63CF16F770A6}.TestRunner|x86.Build.0 = TestRunner|Win32
		{D3D11103-96D0-4629-88B8-122C0256058C}.Debug|x64.ActiveCfg = Debug|x64
		{D3D11103-96D0-4629-88B8-122C0256058C}.Debug|x64.Build.0 = Debug|x64
		{D3D11103-96D0-4629-88B8-122C0256058C}.Debug|x86.ActiveCfg = Debug|Win32
		{D3D11103-96D0-4629-88B8-122C0256058C}.Debug|x86.Build.0 = Debug|Win32
		{D3D11103-96D0-4629-88B8-122C0256058C}.Profile|x64.ActiveCfg = Profile|x64
		{D3D11103-96D0-4629-88B8-122C0256058C}.Profile|x64.Build.0 = Profile|x64
		{D3D11103-96D0-4629-88B8-122C0256058C}.Profile|x86.ActiveCfg = Profile|Win32
		{D3D11103-96D0-4629-88B8-122C0256058C}.Release|x64.ActiveCfg = Release|x64
		{D3D11103-96D0-4629-88B8-122C0256058C}.Release|x64.Build.0 = Release|x64
		{D3D11103-96D0-4629-88B8-122C0256058C}.Release|x86.ActiveCfg = Release|Win32
		{D3D11103-96D0-4629-88B8-122C0256058C}.Release|x86.Build.0 = Release|Win32
		{D3D11103-96D0-4629-88B8-122C0256058C}.TestRunner|x64.ActiveCfg = TestRunner|x64
		{D3D11103-96D0-4629-88B8-122C0256058C}.TestRunner|x64.Build.0 = TestRunner|x64
		{D3D11103-96D0-4629-88B8-122C0256058C}.TestRunner|x86.ActiveCfg = TestRunner|Win32
		{D3D11103-96D0-4629-88B8-122C0256058C}.TestRunner|x86.Build.0 = TestRunner|Win32
		{3584A64E-FEEC-402B-9D3C-21A6930FF32B}.Debug|x64.ActiveCfg = Debug|x64
		{3584A64E-FEEC-402B-9D3C-21A6930FF32B}.Debug|x64.Build.0 = Debug|x64
		{3584A64E-FEEC-402B-9D3C-21A6930FF32B}.Debug|x86.ActiveCfg = Debug|Win32
		{3584A64E-FEEC-402B-9D3C-21A6930FF32B}.Debug|x86.Build.0 = Debug|Win32
		{3584A64E-FEEC-402B-9D3C-21A6930FF32B}.Profile|x64.ActiveCfg = Release|x64
		{3584A64E-FEEC-402B-9D3C-21A6930FF32B}.Profile|x64.Build.0 = Release|x64
		{3584A64E-FEEC-402B-9D3C-21A6930FF32B}.Profile|x86.ActiveCfg = Release|Win32
		{3584A64E-FEEC-402B-9D3C-21A6930FF32B}.Profile|x86.Build.0 = Release|Win32
		{3584A64E-FEEC-402B-9D3C-21A6930FF32B}.Release|x64.ActiveCfg = Release|x64
		{3584A64E-FEEC-402B-9D3C-21A6930FF32B}.Release|x64.Build.0 = Release|x64
		{3584A64E-FEEC-402B-9D3C-21A6930FF32B}.Release|x86.ActiveCfg = Release|Win32
		{3584A64E-FEEC-402B-9D3C-21A6930FF32B}.Release|x86.Build.0 = Release|Win32
		{3584A64E-FEEC-402B-9D3C-21A6930FF32B}.TestRunner|x64.ActiveCfg = TestRunner|x64
		{3584A64E-FEEC-402B-9D3C-21A6930FF32B}.TestRunner|x64.Build.0 = TestRunner|x64
		{3584A64E-FEEC-402B-9D3C-21A6930FF32B}.TestRunner|x86.ActiveCfg = TestRunner|Win32
		{3584A64E-FEEC-402B-9D3C-21A6930FF32B}.TestRunner|x86.Build.0 = TestRunner|Win32
		{CA5235E8-C2DA-4E7B-A200-8AAFE4DB070B}.Debug|x64.ActiveCfg = Debug|x64
		{CA5235E8-C2DA-4E7B-A200-8AAFE4DB070B}.Debug|x64.Build.0 = Debug|x64
		{CA5235E8-C2DA-4E7B-A200-8AAFE4DB070B}.Debug|x86.ActiveCfg = Debug|Win32
		{CA5235E8-C2DA-4E7B-A200-8AAFE4DB070B}.Debug|x86.Build.0 = Debug|Win32
		{CA5235E8-C2DA-4E7B-A200-8AAFE4DB070B}.Profile|x64.ActiveCfg = Release|x64
		{CA5235E8-C2DA-4E7B-A200-8AAFE4DB070B}.Profile|x64.Build.0 = Release|x64
		{CA5235E8-C2DA-4E7B-A200-8AAFE4DB070B}.Profile|x86.ActiveCfg = Release|Win32
		{CA5235E8-C2DA-4E7B-A200-8AAFE4DB070B}.Release|x64.ActiveCfg = Release|x64
		{CA5235E8-C2DA-4E7B-A200-8AAFE4DB070B}.Release|x64.Build.0 = Release|x64
		{CA5235E8-C2DA-4E7B-A200-8AAFE4DB070B}.Release|x86.ActiveCfg = Release|Win32
		{CA5235E8-C2DA-4E7B-A200-8AAFE4DB070B}.Release|x86.Build.0 = Release|Win32
		{CA5235E8-C2DA-4E7B-A200-8AAFE4DB070B}.TestRunner|x64.ActiveCfg = TestRunner|x64
		{CA5235E8-C2DA-4E7B-A200-8AAFE4DB070B}.TestRunner|x64.Build.0 = TestRunner|x64
		{CA5235E8-C2DA-4E7B-A200-8AAFE4DB070B}.TestRunner|x86.ActiveCfg = TestRunner|Win32
		{CA5235E8-C2DA-4E7B-A200-8AAFE4DB070B}.TestRunner|x86.Build.0 = TestRunner|Win32
		{84DA0532-9D88-4118-B454-C4801178A330}.Debug|x64.ActiveCfg = Debug|x64
		{84DA0532-9D88-4118-B454-C4801178A330}.Debug|x64.Build.0 = Debug|x64
		{84DA0532-9D88-4118-B454-C4801178A330}.Debug|x86.ActiveCfg = Debug|Win32
		{84DA0532-9D88-4118-B454-C4801178A330}.Debug|x86.Build.0 = Debug|Win32
		{84DA0532-9D88-4118-B454-C4801178A330}.Profile|x64.ActiveCfg = Release|x64
		{84DA0532-9D88-4118-B454-C4801178A330}.Profile|x64.Build.0 = Release|x64
		{84DA0532-9D88-4118-B454-C4801178A330}.Profile|x86.ActiveCfg = Release|Win32
		{84DA0532-9D88-4118-B454-C4801178A330}.Release|x64.ActiveCfg = Release|x64
		{84DA0532-9D88-4118-B454-C4801178A330}.Release|x64.Build.0 = Release|x64
		{84DA0532-9D88-4118-B454-C4801178A330}.Release|x86.ActiveCfg = Release|Win32
		{84DA0532-9D88-4118-B454-C4801178A330}.Release|x86.Build.0 = Release|Win32
		{84DA0532-9D88-4118-B454-C4801178A330}.TestRunner|x64.ActiveCfg = TestRunner|x64
		{84DA0532-9D88-4118-B454-C4801178A330}.TestRunner|x64.Build.0 = TestRunner|x64
		{84DA0532-9D88-4118-B454-C4801178A330}.TestRunner|x86.ActiveCfg = TestRunner|Win32
		{84DA0532-9D88-4118-B454-C4801178A330}.TestRunner|x86.Build.0 = TestRunner|Win32
	EndGlobalSection
	GlobalSection(SolutionProperties) = preSolution
		HideSolutionNode = FALSE
	EndGlobalSection
	GlobalSection(NestedProjects) = preSolution
		{CC6B7BC0-284E-43FD-B4C4-C451A4E944FA} = {E59944F3-3F7E-4B5E-BE6A-504A6A0B4815}
		{D3D11103-96D0-4629-88B8-122C0256058C} = {E59944F3-3F7E-4B5E-BE6A-504A6A0B4815}
	EndGlobalSection
EndGlobal
