
Microsoft Visual Studio Solution File, Format Version 12.00
# Visual Studio 14
VisualStudioVersion = 14.0.25420.1
MinimumVisualStudioVersion = 10.0.40219.1
Project("{2150E333-8FDC-42A3-9474-1A3956D46DE8}") = "Clients", "Clients", "{E59944F3-3F7E-4B5E-BE6A-504A6A0B4815}"
EndProject
Project("{8BC9CEB8-8B4A-11D0-8D11-00A0C91BC942}") = "Toolkit3DLibrary", "Toolkit3DLibrary\Toolkit3DLibrary.vcxproj", "{6BC9C817-FD14-4540-A9C0-63CF16F770A6}"
EndProject
Project("{8BC9CEB8-8B4A-11D0-8D11-00A0C91BC942}") = "VideoTestRunner", "VideoTestRunner\VideoTestRunner.vcxproj", "{CA5235E8-C2DA-4E7B-A200-8AAFE4DB070B}"
EndProject
Project("{2150E333-8FDC-42A3-9474-1A3956D46DE8}") = "TestRunner", "TestRunner", "{C91C9A93-E1F2-4B30-A5CE-FA01028554F8}"
EndProject
Project("{8BC9CEB8-8B4A-11D0-8D11-00A0C91BC942}") = "MultithreadedRendering11_Client", "Samples\MultithreadedRendering\MultithreadedRendering11_2012_Client.vcxproj", "{A530FFC1-907C-4332-BA65-CF1ED5EADD00}"
EndProject
Project("{8BC9CEB8-8B4A-11D0-8D11-00A0C91BC942}") = "MultithreadedRendering11_Server", "Samples\MultithreadedRendering\MultithreadedRendering11_2012_Server.vcxproj", "{D93F84C9-9074-43BA-94C4-1FD25C5DD8F7}"
EndProject
Project("{8BC9CEB8-8B4A-11D0-8D11-00A0C91BC942}") = "MultithreadedRendering11_Server_Stereo", "Samples\MultithreadedRendering\MultithreadedRendering11_2012_Server_Stereo.vcxproj", "{D3D11103-96D0-4629-88B8-122C0256058C}"
EndProject
Project("{8BC9CEB8-8B4A-11D0-8D11-00A0C91BC942}") = "SpinningCube_Client", "Samples\SpinningCube\SpinningCube_Client.vcxproj", "{DB35DAB6-614D-4097-B739-EF71326EFB05}"
EndProject
Project("{8BC9CEB8-8B4A-11D0-8D11-00A0C91BC942}") = "SpinningCube_Server", "Samples\SpinningCube\SpinningCube_Server.vcxproj", "{0C6BB80A-8924-4179-9A94-F8ABEF426DE1}"
EndProject
Project("{8BC9CEB8-8B4A-11D0-8D11-00A0C91BC942}") = "SpinningCube_Server_Stereo", "Samples\SpinningCube\SpinningCube_Server_Stereo.vcxproj", "{6B7F7108-8702-4D77-98AD-730CFBED0D74}"
EndProject
Project("{8BC9CEB8-8B4A-11D0-8D11-00A0C91BC942}") = "SpinningCube_TestRunner", "Samples\SpinningCube\SpinningCube_TestRunner.vcxproj", "{36655CC1-2C29-41A5-842C-CC2BC97714AD}"
EndProject
Project("{2150E333-8FDC-42A3-9474-1A3956D46DE8}") = "Servers", "Servers", "{0A5F9ED9-7108-463A-A563-BBBD528BC1A4}"
EndProject
Project("{8BC9CEB8-8B4A-11D0-8D11-00A0C91BC942}") = "MultithreadedRendering11_TestRunner", "Samples\MultithreadedRendering\MultithreadedRendering11_2012_TestRun.vcxproj", "{3A53BD5F-C403-4BA7-A1D1-0034638F515B}"
EndProject
Project("{8BC9CEB8-8B4A-11D0-8D11-00A0C91BC942}") = "NvEncoder", "NvEncoder\NvEncoder.vcxproj", "{84DA0532-9D88-4118-B454-C4801178A330}"
EndProject
Global
	GlobalSection(SolutionConfigurationPlatforms) = preSolution
		Debug|x64 = Debug|x64
		Debug|x86 = Debug|x86
		Profile|x64 = Profile|x64
		Profile|x86 = Profile|x86
		Release|x64 = Release|x64
		Release|x86 = Release|x86
	EndGlobalSection
	GlobalSection(ProjectConfigurationPlatforms) = postSolution
		{6BC9C817-FD14-4540-A9C0-63CF16F770A6}.Debug|x64.ActiveCfg = Debug|x64
		{6BC9C817-FD14-4540-A9C0-63CF16F770A6}.Debug|x64.Build.0 = Debug|x64
		{6BC9C817-FD14-4540-A9C0-63CF16F770A6}.Debug|x86.ActiveCfg = Debug|Win32
		{6BC9C817-FD14-4540-A9C0-63CF16F770A6}.Debug|x86.Build.0 = Debug|Win32
		{6BC9C817-FD14-4540-A9C0-63CF16F770A6}.Profile|x64.ActiveCfg = Release|x64
		{6BC9C817-FD14-4540-A9C0-63CF16F770A6}.Profile|x64.Build.0 = Release|x64
		{6BC9C817-FD14-4540-A9C0-63CF16F770A6}.Profile|x86.ActiveCfg = Release|Win32
		{6BC9C817-FD14-4540-A9C0-63CF16F770A6}.Profile|x86.Build.0 = Release|Win32
		{6BC9C817-FD14-4540-A9C0-63CF16F770A6}.Release|x64.ActiveCfg = Release|x64
		{6BC9C817-FD14-4540-A9C0-63CF16F770A6}.Release|x64.Build.0 = Release|x64
		{6BC9C817-FD14-4540-A9C0-63CF16F770A6}.Release|x86.ActiveCfg = Release|Win32
		{6BC9C817-FD14-4540-A9C0-63CF16F770A6}.Release|x86.Build.0 = Release|Win32
		{CA5235E8-C2DA-4E7B-A200-8AAFE4DB070B}.Debug|x64.ActiveCfg = Debug|x64
		{CA5235E8-C2DA-4E7B-A200-8AAFE4DB070B}.Debug|x86.ActiveCfg = Debug|Win32
		{CA5235E8-C2DA-4E7B-A200-8AAFE4DB070B}.Profile|x64.ActiveCfg = Release|x64
		{CA5235E8-C2DA-4E7B-A200-8AAFE4DB070B}.Profile|x64.Build.0 = Release|x64
		{CA5235E8-C2DA-4E7B-A200-8AAFE4DB070B}.Profile|x86.ActiveCfg = Release|Win32
		{CA5235E8-C2DA-4E7B-A200-8AAFE4DB070B}.Profile|x86.Build.0 = Release|Win32
		{CA5235E8-C2DA-4E7B-A200-8AAFE4DB070B}.Release|x64.ActiveCfg = Release|x64
		{CA5235E8-C2DA-4E7B-A200-8AAFE4DB070B}.Release|x86.ActiveCfg = Release|Win32
		{A530FFC1-907C-4332-BA65-CF1ED5EADD00}.Debug|x64.ActiveCfg = Debug|x64
		{A530FFC1-907C-4332-BA65-CF1ED5EADD00}.Debug|x64.Build.0 = Debug|x64
		{A530FFC1-907C-4332-BA65-CF1ED5EADD00}.Debug|x86.ActiveCfg = Debug|Win32
		{A530FFC1-907C-4332-BA65-CF1ED5EADD00}.Debug|x86.Build.0 = Debug|Win32
		{A530FFC1-907C-4332-BA65-CF1ED5EADD00}.Profile|x64.ActiveCfg = Profile|x64
		{A530FFC1-907C-4332-BA65-CF1ED5EADD00}.Profile|x64.Build.0 = Profile|x64
		{A530FFC1-907C-4332-BA65-CF1ED5EADD00}.Profile|x86.ActiveCfg = Profile|Win32
		{A530FFC1-907C-4332-BA65-CF1ED5EADD00}.Profile|x86.Build.0 = Profile|Win32
		{A530FFC1-907C-4332-BA65-CF1ED5EADD00}.Release|x64.ActiveCfg = Release|x64
		{A530FFC1-907C-4332-BA65-CF1ED5EADD00}.Release|x64.Build.0 = Release|x64
		{A530FFC1-907C-4332-BA65-CF1ED5EADD00}.Release|x86.ActiveCfg = Release|Win32
		{A530FFC1-907C-4332-BA65-CF1ED5EADD00}.Release|x86.Build.0 = Release|Win32
		{D93F84C9-9074-43BA-94C4-1FD25C5DD8F7}.Debug|x64.ActiveCfg = Debug|x64
		{D93F84C9-9074-43BA-94C4-1FD25C5DD8F7}.Debug|x64.Build.0 = Debug|x64
		{D93F84C9-9074-43BA-94C4-1FD25C5DD8F7}.Debug|x86.ActiveCfg = Debug|Win32
		{D93F84C9-9074-43BA-94C4-1FD25C5DD8F7}.Debug|x86.Build.0 = Debug|Win32
		{D93F84C9-9074-43BA-94C4-1FD25C5DD8F7}.Profile|x64.ActiveCfg = Profile|x64
		{D93F84C9-9074-43BA-94C4-1FD25C5DD8F7}.Profile|x64.Build.0 = Profile|x64
		{D93F84C9-9074-43BA-94C4-1FD25C5DD8F7}.Profile|x86.ActiveCfg = Profile|Win32
		{D93F84C9-9074-43BA-94C4-1FD25C5DD8F7}.Profile|x86.Build.0 = Profile|Win32
		{D93F84C9-9074-43BA-94C4-1FD25C5DD8F7}.Release|x64.ActiveCfg = Release|x64
		{D93F84C9-9074-43BA-94C4-1FD25C5DD8F7}.Release|x64.Build.0 = Release|x64
		{D93F84C9-9074-43BA-94C4-1FD25C5DD8F7}.Release|x86.ActiveCfg = Release|Win32
		{D93F84C9-9074-43BA-94C4-1FD25C5DD8F7}.Release|x86.Build.0 = Release|Win32
		{D3D11103-96D0-4629-88B8-122C0256058C}.Debug|x64.ActiveCfg = Debug|x64
		{D3D11103-96D0-4629-88B8-122C0256058C}.Debug|x64.Build.0 = Debug|x64
		{D3D11103-96D0-4629-88B8-122C0256058C}.Debug|x86.ActiveCfg = Debug|Win32
		{D3D11103-96D0-4629-88B8-122C0256058C}.Debug|x86.Build.0 = Debug|Win32
		{D3D11103-96D0-4629-88B8-122C0256058C}.Profile|x64.ActiveCfg = Profile|x64
		{D3D11103-96D0-4629-88B8-122C0256058C}.Profile|x64.Build.0 = Profile|x64
		{D3D11103-96D0-4629-88B8-122C0256058C}.Profile|x86.ActiveCfg = Profile|Win32
		{D3D11103-96D0-4629-88B8-122C0256058C}.Profile|x86.Build.0 = Profile|Win32
		{D3D11103-96D0-4629-88B8-122C0256058C}.Release|x64.ActiveCfg = Release|x64
		{D3D11103-96D0-4629-88B8-122C0256058C}.Release|x64.Build.0 = Release|x64
		{D3D11103-96D0-4629-88B8-122C0256058C}.Release|x86.ActiveCfg = Release|Win32
		{D3D11103-96D0-4629-88B8-122C0256058C}.Release|x86.Build.0 = Release|Win32
		{DB35DAB6-614D-4097-B739-EF71326EFB05}.Debug|x64.ActiveCfg = Debug|x64
		{DB35DAB6-614D-4097-B739-EF71326EFB05}.Debug|x64.Build.0 = Debug|x64
		{DB35DAB6-614D-4097-B739-EF71326EFB05}.Debug|x86.ActiveCfg = Debug|Win32
		{DB35DAB6-614D-4097-B739-EF71326EFB05}.Debug|x86.Build.0 = Debug|Win32
		{DB35DAB6-614D-4097-B739-EF71326EFB05}.Profile|x64.ActiveCfg = Release|x64
		{DB35DAB6-614D-4097-B739-EF71326EFB05}.Profile|x64.Build.0 = Release|x64
		{DB35DAB6-614D-4097-B739-EF71326EFB05}.Profile|x86.ActiveCfg = Release|Win32
		{DB35DAB6-614D-4097-B739-EF71326EFB05}.Profile|x86.Build.0 = Release|Win32
		{DB35DAB6-614D-4097-B739-EF71326EFB05}.Release|x64.ActiveCfg = Release|x64
		{DB35DAB6-614D-4097-B739-EF71326EFB05}.Release|x64.Build.0 = Release|x64
		{DB35DAB6-614D-4097-B739-EF71326EFB05}.Release|x86.ActiveCfg = Release|Win32
		{DB35DAB6-614D-4097-B739-EF71326EFB05}.Release|x86.Build.0 = Release|Win32
		{0C6BB80A-8924-4179-9A94-F8ABEF426DE1}.Debug|x64.ActiveCfg = Debug|x64
		{0C6BB80A-8924-4179-9A94-F8ABEF426DE1}.Debug|x64.Build.0 = Debug|x64
		{0C6BB80A-8924-4179-9A94-F8ABEF426DE1}.Debug|x86.ActiveCfg = Debug|Win32
		{0C6BB80A-8924-4179-9A94-F8ABEF426DE1}.Debug|x86.Build.0 = Debug|Win32
		{0C6BB80A-8924-4179-9A94-F8ABEF426DE1}.Profile|x64.ActiveCfg = Release|x64
		{0C6BB80A-8924-4179-9A94-F8ABEF426DE1}.Profile|x64.Build.0 = Release|x64
		{0C6BB80A-8924-4179-9A94-F8ABEF426DE1}.Profile|x86.ActiveCfg = Release|Win32
		{0C6BB80A-8924-4179-9A94-F8ABEF426DE1}.Profile|x86.Build.0 = Release|Win32
		{0C6BB80A-8924-4179-9A94-F8ABEF426DE1}.Release|x64.ActiveCfg = Release|x64
		{0C6BB80A-8924-4179-9A94-F8ABEF426DE1}.Release|x64.Build.0 = Release|x64
		{0C6BB80A-8924-4179-9A94-F8ABEF426DE1}.Release|x86.ActiveCfg = Release|Win32
		{0C6BB80A-8924-4179-9A94-F8ABEF426DE1}.Release|x86.Build.0 = Release|Win32
		{6B7F7108-8702-4D77-98AD-730CFBED0D74}.Debug|x64.ActiveCfg = Debug|x64
		{6B7F7108-8702-4D77-98AD-730CFBED0D74}.Debug|x64.Build.0 = Debug|x64
		{6B7F7108-8702-4D77-98AD-730CFBED0D74}.Debug|x86.ActiveCfg = Debug|Win32
		{6B7F7108-8702-4D77-98AD-730CFBED0D74}.Debug|x86.Build.0 = Debug|Win32
		{6B7F7108-8702-4D77-98AD-730CFBED0D74}.Profile|x64.ActiveCfg = Release|x64
		{6B7F7108-8702-4D77-98AD-730CFBED0D74}.Profile|x64.Build.0 = Release|x64
		{6B7F7108-8702-4D77-98AD-730CFBED0D74}.Profile|x86.ActiveCfg = Release|Win32
		{6B7F7108-8702-4D77-98AD-730CFBED0D74}.Profile|x86.Build.0 = Release|Win32
		{6B7F7108-8702-4D77-98AD-730CFBED0D74}.Release|x64.ActiveCfg = Release|x64
		{6B7F7108-8702-4D77-98AD-730CFBED0D74}.Release|x64.Build.0 = Release|x64
		{6B7F7108-8702-4D77-98AD-730CFBED0D74}.Release|x86.ActiveCfg = Release|Win32
		{6B7F7108-8702-4D77-98AD-730CFBED0D74}.Release|x86.Build.0 = Release|Win32
		{36655CC1-2C29-41A5-842C-CC2BC97714AD}.Debug|x64.ActiveCfg = Debug|x64
		{36655CC1-2C29-41A5-842C-CC2BC97714AD}.Debug|x64.Build.0 = Debug|x64
		{36655CC1-2C29-41A5-842C-CC2BC97714AD}.Debug|x86.ActiveCfg = Debug|Win32
		{36655CC1-2C29-41A5-842C-CC2BC97714AD}.Debug|x86.Build.0 = Debug|Win32
		{36655CC1-2C29-41A5-842C-CC2BC97714AD}.Profile|x64.ActiveCfg = Release|x64
		{36655CC1-2C29-41A5-842C-CC2BC97714AD}.Profile|x64.Build.0 = Release|x64
		{36655CC1-2C29-41A5-842C-CC2BC97714AD}.Profile|x86.ActiveCfg = Release|Win32
		{36655CC1-2C29-41A5-842C-CC2BC97714AD}.Profile|x86.Build.0 = Release|Win32
		{36655CC1-2C29-41A5-842C-CC2BC97714AD}.Release|x64.ActiveCfg = Release|x64
		{36655CC1-2C29-41A5-842C-CC2BC97714AD}.Release|x64.Build.0 = Release|x64
		{36655CC1-2C29-41A5-842C-CC2BC97714AD}.Release|x86.ActiveCfg = Release|Win32
		{36655CC1-2C29-41A5-842C-CC2BC97714AD}.Release|x86.Build.0 = Release|Win32
		{3A53BD5F-C403-4BA7-A1D1-0034638F515B}.Debug|x64.ActiveCfg = Debug|x64
		{3A53BD5F-C403-4BA7-A1D1-0034638F515B}.Debug|x64.Build.0 = Debug|x64
		{3A53BD5F-C403-4BA7-A1D1-0034638F515B}.Debug|x86.ActiveCfg = Debug|Win32
		{3A53BD5F-C403-4BA7-A1D1-0034638F515B}.Debug|x86.Build.0 = Debug|Win32
		{3A53BD5F-C403-4BA7-A1D1-0034638F515B}.Profile|x64.ActiveCfg = Profile|x64
		{3A53BD5F-C403-4BA7-A1D1-0034638F515B}.Profile|x64.Build.0 = Profile|x64
		{3A53BD5F-C403-4BA7-A1D1-0034638F515B}.Profile|x86.ActiveCfg = Profile|Win32
		{3A53BD5F-C403-4BA7-A1D1-0034638F515B}.Profile|x86.Build.0 = Profile|Win32
		{3A53BD5F-C403-4BA7-A1D1-0034638F515B}.Release|x64.ActiveCfg = Release|x64
		{3A53BD5F-C403-4BA7-A1D1-0034638F515B}.Release|x64.Build.0 = Release|x64
		{3A53BD5F-C403-4BA7-A1D1-0034638F515B}.Release|x86.ActiveCfg = Release|Win32
		{3A53BD5F-C403-4BA7-A1D1-0034638F515B}.Release|x86.Build.0 = Release|Win32
		{84DA0532-9D88-4118-B454-C4801178A330}.Debug|x64.ActiveCfg = Debug|x64
		{84DA0532-9D88-4118-B454-C4801178A330}.Debug|x64.Build.0 = Debug|x64
		{84DA0532-9D88-4118-B454-C4801178A330}.Debug|x86.ActiveCfg = Debug|Win32
		{84DA0532-9D88-4118-B454-C4801178A330}.Debug|x86.Build.0 = Debug|Win32
		{84DA0532-9D88-4118-B454-C4801178A330}.Profile|x64.ActiveCfg = Release|x64
		{84DA0532-9D88-4118-B454-C4801178A330}.Profile|x64.Build.0 = Release|x64
		{84DA0532-9D88-4118-B454-C4801178A330}.Profile|x86.ActiveCfg = Release|Win32
		{84DA0532-9D88-4118-B454-C4801178A330}.Profile|x86.Build.0 = Release|Win32
		{84DA0532-9D88-4118-B454-C4801178A330}.Release|x64.ActiveCfg = Release|x64
		{84DA0532-9D88-4118-B454-C4801178A330}.Release|x64.Build.0 = Release|x64
		{84DA0532-9D88-4118-B454-C4801178A330}.Release|x86.ActiveCfg = Release|Win32
		{84DA0532-9D88-4118-B454-C4801178A330}.Release|x86.Build.0 = Release|Win32
	EndGlobalSection
	GlobalSection(SolutionProperties) = preSolution
		HideSolutionNode = FALSE
	EndGlobalSection
	GlobalSection(NestedProjects) = preSolution
		{CA5235E8-C2DA-4E7B-A200-8AAFE4DB070B} = {C91C9A93-E1F2-4B30-A5CE-FA01028554F8}
		{A530FFC1-907C-4332-BA65-CF1ED5EADD00} = {E59944F3-3F7E-4B5E-BE6A-504A6A0B4815}
		{D93F84C9-9074-43BA-94C4-1FD25C5DD8F7} = {0A5F9ED9-7108-463A-A563-BBBD528BC1A4}
		{D3D11103-96D0-4629-88B8-122C0256058C} = {0A5F9ED9-7108-463A-A563-BBBD528BC1A4}
		{DB35DAB6-614D-4097-B739-EF71326EFB05} = {E59944F3-3F7E-4B5E-BE6A-504A6A0B4815}
		{0C6BB80A-8924-4179-9A94-F8ABEF426DE1} = {0A5F9ED9-7108-463A-A563-BBBD528BC1A4}
		{6B7F7108-8702-4D77-98AD-730CFBED0D74} = {0A5F9ED9-7108-463A-A563-BBBD528BC1A4}
		{36655CC1-2C29-41A5-842C-CC2BC97714AD} = {C91C9A93-E1F2-4B30-A5CE-FA01028554F8}
		{3A53BD5F-C403-4BA7-A1D1-0034638F515B} = {C91C9A93-E1F2-4B30-A5CE-FA01028554F8}
	EndGlobalSection
EndGlobal
