
Microsoft Visual Studio Solution File, Format Version 12.00
# Visual Studio 14
VisualStudioVersion = 14.0.25420.1
MinimumVisualStudioVersion = 10.0.40219.1
Project("{FAE04EC0-301F-11D3-BF4B-00C04F79EFBC}") = "WebRTCDirectXClient", "WebRTCDirectXClient\WebRTCDirectXClient.csproj", "{6963DC83-256B-4AA3-B37B-530111B90537}"
EndProject
Project("{8BC9CEB8-8B4A-11D0-8D11-00A0C91BC942}") = "WebRTCDirectXClientComponent", "WebRTCDirectXClientComponent\WebRTCDirectXClientComponent.vcxproj", "{80204D5C-6E4D-46A6-8506-C1280966FD16}"
EndProject
Project("{FAE04EC0-301F-11D3-BF4B-00C04F79EFBC}") = "WebRtcWrapper", "WebRtcWrapper\WebRtcWrapper.csproj", "{1857162F-96CC-451F-A4E2-3616207943AB}"
EndProject
Global
	GlobalSection(SolutionConfigurationPlatforms) = preSolution
		Debug|Any CPU = Debug|Any CPU
		Debug|ARM = Debug|ARM
		Debug|x64 = Debug|x64
		Debug|x86 = Debug|x86
		Profile|Any CPU = Profile|Any CPU
		Profile|ARM = Profile|ARM
		Profile|x64 = Profile|x64
		Profile|x86 = Profile|x86
		Release|Any CPU = Release|Any CPU
		Release|ARM = Release|ARM
		Release|x64 = Release|x64
		Release|x86 = Release|x86
		TestRunner|Any CPU = TestRunner|Any CPU
		TestRunner|ARM = TestRunner|ARM
		TestRunner|x64 = TestRunner|x64
		TestRunner|x86 = TestRunner|x86
	EndGlobalSection
	GlobalSection(ProjectConfigurationPlatforms) = postSolution
		{6963DC83-256B-4AA3-B37B-530111B90537}.Debug|Any CPU.ActiveCfg = Debug|x86
		{6963DC83-256B-4AA3-B37B-530111B90537}.Debug|ARM.ActiveCfg = Debug|ARM
		{6963DC83-256B-4AA3-B37B-530111B90537}.Debug|ARM.Build.0 = Debug|ARM
		{6963DC83-256B-4AA3-B37B-530111B90537}.Debug|ARM.Deploy.0 = Debug|ARM
		{6963DC83-256B-4AA3-B37B-530111B90537}.Debug|x64.ActiveCfg = Debug|x64
		{6963DC83-256B-4AA3-B37B-530111B90537}.Debug|x64.Build.0 = Debug|x64
		{6963DC83-256B-4AA3-B37B-530111B90537}.Debug|x64.Deploy.0 = Debug|x64
		{6963DC83-256B-4AA3-B37B-530111B90537}.Debug|x86.ActiveCfg = Debug|x86
		{6963DC83-256B-4AA3-B37B-530111B90537}.Debug|x86.Build.0 = Debug|x86
		{6963DC83-256B-4AA3-B37B-530111B90537}.Debug|x86.Deploy.0 = Debug|x86
		{6963DC83-256B-4AA3-B37B-530111B90537}.Profile|Any CPU.ActiveCfg = Release|x64
		{6963DC83-256B-4AA3-B37B-530111B90537}.Profile|Any CPU.Build.0 = Release|x64
		{6963DC83-256B-4AA3-B37B-530111B90537}.Profile|Any CPU.Deploy.0 = Release|x64
		{6963DC83-256B-4AA3-B37B-530111B90537}.Profile|ARM.ActiveCfg = Release|ARM
		{6963DC83-256B-4AA3-B37B-530111B90537}.Profile|ARM.Build.0 = Release|ARM
		{6963DC83-256B-4AA3-B37B-530111B90537}.Profile|ARM.Deploy.0 = Release|ARM
		{6963DC83-256B-4AA3-B37B-530111B90537}.Profile|x64.ActiveCfg = Release|x64
		{6963DC83-256B-4AA3-B37B-530111B90537}.Profile|x64.Build.0 = Release|x64
		{6963DC83-256B-4AA3-B37B-530111B90537}.Profile|x64.Deploy.0 = Release|x64
		{6963DC83-256B-4AA3-B37B-530111B90537}.Profile|x86.ActiveCfg = Release|x86
		{6963DC83-256B-4AA3-B37B-530111B90537}.Profile|x86.Build.0 = Release|x86
		{6963DC83-256B-4AA3-B37B-530111B90537}.Profile|x86.Deploy.0 = Release|x86
		{6963DC83-256B-4AA3-B37B-530111B90537}.Release|Any CPU.ActiveCfg = Release|x86
		{6963DC83-256B-4AA3-B37B-530111B90537}.Release|ARM.ActiveCfg = Release|ARM
		{6963DC83-256B-4AA3-B37B-530111B90537}.Release|ARM.Build.0 = Release|ARM
		{6963DC83-256B-4AA3-B37B-530111B90537}.Release|ARM.Deploy.0 = Release|ARM
		{6963DC83-256B-4AA3-B37B-530111B90537}.Release|x64.ActiveCfg = Release|x64
		{6963DC83-256B-4AA3-B37B-530111B90537}.Release|x64.Build.0 = Release|x64
		{6963DC83-256B-4AA3-B37B-530111B90537}.Release|x64.Deploy.0 = Release|x64
		{6963DC83-256B-4AA3-B37B-530111B90537}.Release|x86.ActiveCfg = Release|x86
		{6963DC83-256B-4AA3-B37B-530111B90537}.Release|x86.Build.0 = Release|x86
		{6963DC83-256B-4AA3-B37B-530111B90537}.Release|x86.Deploy.0 = Release|x86
		{6963DC83-256B-4AA3-B37B-530111B90537}.TestRunner|Any CPU.ActiveCfg = Release|x64
		{6963DC83-256B-4AA3-B37B-530111B90537}.TestRunner|Any CPU.Build.0 = Release|x64
		{6963DC83-256B-4AA3-B37B-530111B90537}.TestRunner|Any CPU.Deploy.0 = Release|x64
		{6963DC83-256B-4AA3-B37B-530111B90537}.TestRunner|ARM.ActiveCfg = Release|ARM
		{6963DC83-256B-4AA3-B37B-530111B90537}.TestRunner|ARM.Build.0 = Release|ARM
		{6963DC83-256B-4AA3-B37B-530111B90537}.TestRunner|ARM.Deploy.0 = Release|ARM
		{6963DC83-256B-4AA3-B37B-530111B90537}.TestRunner|x64.ActiveCfg = Release|x64
		{6963DC83-256B-4AA3-B37B-530111B90537}.TestRunner|x64.Build.0 = Release|x64
		{6963DC83-256B-4AA3-B37B-530111B90537}.TestRunner|x64.Deploy.0 = Release|x64
		{6963DC83-256B-4AA3-B37B-530111B90537}.TestRunner|x86.ActiveCfg = Release|x86
		{6963DC83-256B-4AA3-B37B-530111B90537}.TestRunner|x86.Build.0 = Release|x86
		{6963DC83-256B-4AA3-B37B-530111B90537}.TestRunner|x86.Deploy.0 = Release|x86
		{80204D5C-6E4D-46A6-8506-C1280966FD16}.Debug|Any CPU.ActiveCfg = Debug|Win32
		{80204D5C-6E4D-46A6-8506-C1280966FD16}.Debug|ARM.ActiveCfg = Debug|ARM
		{80204D5C-6E4D-46A6-8506-C1280966FD16}.Debug|ARM.Build.0 = Debug|ARM
		{80204D5C-6E4D-46A6-8506-C1280966FD16}.Debug|x64.ActiveCfg = Debug|x64
		{80204D5C-6E4D-46A6-8506-C1280966FD16}.Debug|x64.Build.0 = Debug|x64
		{80204D5C-6E4D-46A6-8506-C1280966FD16}.Debug|x86.ActiveCfg = Debug|Win32
		{80204D5C-6E4D-46A6-8506-C1280966FD16}.Debug|x86.Build.0 = Debug|Win32
		{80204D5C-6E4D-46A6-8506-C1280966FD16}.Profile|Any CPU.ActiveCfg = Release|x64
		{80204D5C-6E4D-46A6-8506-C1280966FD16}.Profile|Any CPU.Build.0 = Release|x64
		{80204D5C-6E4D-46A6-8506-C1280966FD16}.Profile|ARM.ActiveCfg = Release|ARM
		{80204D5C-6E4D-46A6-8506-C1280966FD16}.Profile|ARM.Build.0 = Release|ARM
		{80204D5C-6E4D-46A6-8506-C1280966FD16}.Profile|x64.ActiveCfg = Release|x64
		{80204D5C-6E4D-46A6-8506-C1280966FD16}.Profile|x64.Build.0 = Release|x64
		{80204D5C-6E4D-46A6-8506-C1280966FD16}.Profile|x86.ActiveCfg = Release|Win32
		{80204D5C-6E4D-46A6-8506-C1280966FD16}.Profile|x86.Build.0 = Release|Win32
		{80204D5C-6E4D-46A6-8506-C1280966FD16}.Release|Any CPU.ActiveCfg = Release|Win32
		{80204D5C-6E4D-46A6-8506-C1280966FD16}.Release|ARM.ActiveCfg = Release|ARM
		{80204D5C-6E4D-46A6-8506-C1280966FD16}.Release|ARM.Build.0 = Release|ARM
		{80204D5C-6E4D-46A6-8506-C1280966FD16}.Release|x64.ActiveCfg = Release|x64
		{80204D5C-6E4D-46A6-8506-C1280966FD16}.Release|x64.Build.0 = Release|x64
		{80204D5C-6E4D-46A6-8506-C1280966FD16}.Release|x86.ActiveCfg = Release|Win32
		{80204D5C-6E4D-46A6-8506-C1280966FD16}.Release|x86.Build.0 = Release|Win32
		{80204D5C-6E4D-46A6-8506-C1280966FD16}.TestRunner|Any CPU.ActiveCfg = Release|x64
		{80204D5C-6E4D-46A6-8506-C1280966FD16}.TestRunner|Any CPU.Build.0 = Release|x64
		{80204D5C-6E4D-46A6-8506-C1280966FD16}.TestRunner|ARM.ActiveCfg = Release|ARM
		{80204D5C-6E4D-46A6-8506-C1280966FD16}.TestRunner|ARM.Build.0 = Release|ARM
		{80204D5C-6E4D-46A6-8506-C1280966FD16}.TestRunner|x64.ActiveCfg = Release|x64
		{80204D5C-6E4D-46A6-8506-C1280966FD16}.TestRunner|x64.Build.0 = Release|x64
		{80204D5C-6E4D-46A6-8506-C1280966FD16}.TestRunner|x86.ActiveCfg = Release|Win32
		{80204D5C-6E4D-46A6-8506-C1280966FD16}.TestRunner|x86.Build.0 = Release|Win32
		{1857162F-96CC-451F-A4E2-3616207943AB}.Debug|Any CPU.ActiveCfg = Debug|Any CPU
		{1857162F-96CC-451F-A4E2-3616207943AB}.Debug|Any CPU.Build.0 = Debug|Any CPU
		{1857162F-96CC-451F-A4E2-3616207943AB}.Debug|ARM.ActiveCfg = Debug|ARM
		{1857162F-96CC-451F-A4E2-3616207943AB}.Debug|ARM.Build.0 = Debug|ARM
		{1857162F-96CC-451F-A4E2-3616207943AB}.Debug|x64.ActiveCfg = Debug|x64
		{1857162F-96CC-451F-A4E2-3616207943AB}.Debug|x64.Build.0 = Debug|x64
		{1857162F-96CC-451F-A4E2-3616207943AB}.Debug|x86.ActiveCfg = Debug|x86
		{1857162F-96CC-451F-A4E2-3616207943AB}.Debug|x86.Build.0 = Debug|x86
		{1857162F-96CC-451F-A4E2-3616207943AB}.Profile|Any CPU.ActiveCfg = Release|Any CPU
		{1857162F-96CC-451F-A4E2-3616207943AB}.Profile|Any CPU.Build.0 = Release|Any CPU
		{1857162F-96CC-451F-A4E2-3616207943AB}.Profile|ARM.ActiveCfg = Release|ARM
		{1857162F-96CC-451F-A4E2-3616207943AB}.Profile|ARM.Build.0 = Release|ARM
		{1857162F-96CC-451F-A4E2-3616207943AB}.Profile|x64.ActiveCfg = Release|x64
		{1857162F-96CC-451F-A4E2-3616207943AB}.Profile|x64.Build.0 = Release|x64
		{1857162F-96CC-451F-A4E2-3616207943AB}.Profile|x86.ActiveCfg = Release|x86
		{1857162F-96CC-451F-A4E2-3616207943AB}.Profile|x86.Build.0 = Release|x86
		{1857162F-96CC-451F-A4E2-3616207943AB}.Release|Any CPU.ActiveCfg = Release|Any CPU
		{1857162F-96CC-451F-A4E2-3616207943AB}.Release|Any CPU.Build.0 = Release|Any CPU
		{1857162F-96CC-451F-A4E2-3616207943AB}.Release|ARM.ActiveCfg = Release|ARM
		{1857162F-96CC-451F-A4E2-3616207943AB}.Release|ARM.Build.0 = Release|ARM
		{1857162F-96CC-451F-A4E2-3616207943AB}.Release|x64.ActiveCfg = Release|x64
		{1857162F-96CC-451F-A4E2-3616207943AB}.Release|x64.Build.0 = Release|x64
		{1857162F-96CC-451F-A4E2-3616207943AB}.Release|x86.ActiveCfg = Release|x86
		{1857162F-96CC-451F-A4E2-3616207943AB}.Release|x86.Build.0 = Release|x86
		{1857162F-96CC-451F-A4E2-3616207943AB}.TestRunner|Any CPU.ActiveCfg = Release|Any CPU
		{1857162F-96CC-451F-A4E2-3616207943AB}.TestRunner|Any CPU.Build.0 = Release|Any CPU
		{1857162F-96CC-451F-A4E2-3616207943AB}.TestRunner|ARM.ActiveCfg = Release|ARM
		{1857162F-96CC-451F-A4E2-3616207943AB}.TestRunner|ARM.Build.0 = Release|ARM
		{1857162F-96CC-451F-A4E2-3616207943AB}.TestRunner|x64.ActiveCfg = Release|x64
		{1857162F-96CC-451F-A4E2-3616207943AB}.TestRunner|x64.Build.0 = Release|x64
		{1857162F-96CC-451F-A4E2-3616207943AB}.TestRunner|x86.ActiveCfg = Release|x86
		{1857162F-96CC-451F-A4E2-3616207943AB}.TestRunner|x86.Build.0 = Release|x86
	EndGlobalSection
	GlobalSection(SolutionProperties) = preSolution
		HideSolutionNode = FALSE
	EndGlobalSection
EndGlobal
