
Microsoft Visual Studio Solution File, Format Version 12.00
# Visual Studio 14
VisualStudioVersion = 14.0.25420.1
MinimumVisualStudioVersion = 10.0.40219.1
Project("{8BC9CEB8-8B4A-11D0-8D11-00A0C91BC942}") = "StreamingNativeServerPlugin", "..\..\..\Plugins\NativeServerPlugin\StreamingNativeServerPlugin.vcxproj", "{6BC9C817-FD14-4540-A9C0-63CF16F770A6}"
EndProject
Project("{8BC9CEB8-8B4A-11D0-8D11-00A0C91BC942}") = "SpinningCubeServer", "SpinningCubeServer.vcxproj", "{0C6BB80A-8924-4179-9A94-F8ABEF426DE1}"
EndProject
Project("{8BC9CEB8-8B4A-11D0-8D11-00A0C91BC942}") = "SignalingClient", "..\..\..\Libraries\SignalingClient\SignalingClient.vcxproj", "{88348D78-A949-4FF8-8A0A-2934744D89D2}"
EndProject
Global
	GlobalSection(SolutionConfigurationPlatforms) = preSolution
		Debug|x64 = Debug|x64
		Debug|x86 = Debug|x86
		Release|x64 = Release|x64
		Release|x86 = Release|x86
	EndGlobalSection
	GlobalSection(ProjectConfigurationPlatforms) = postSolution
		{6BC9C817-FD14-4540-A9C0-63CF16F770A6}.Debug|x64.ActiveCfg = Debug|x64
		{6BC9C817-FD14-4540-A9C0-63CF16F770A6}.Debug|x64.Build.0 = Debug|x64
		{6BC9C817-FD14-4540-A9C0-63CF16F770A6}.Debug|x86.ActiveCfg = Debug|Win32
		{6BC9C817-FD14-4540-A9C0-63CF16F770A6}.Debug|x86.Build.0 = Debug|Win32
		{6BC9C817-FD14-4540-A9C0-63CF16F770A6}.Release|x64.ActiveCfg = Release|x64
		{6BC9C817-FD14-4540-A9C0-63CF16F770A6}.Release|x64.Build.0 = Release|x64
		{6BC9C817-FD14-4540-A9C0-63CF16F770A6}.Release|x86.ActiveCfg = Release|Win32
		{6BC9C817-FD14-4540-A9C0-63CF16F770A6}.Release|x86.Build.0 = Release|Win32
		{0C6BB80A-8924-4179-9A94-F8ABEF426DE1}.Debug|x64.ActiveCfg = Debug|x64
		{0C6BB80A-8924-4179-9A94-F8ABEF426DE1}.Debug|x64.Build.0 = Debug|x64
		{0C6BB80A-8924-4179-9A94-F8ABEF426DE1}.Debug|x86.ActiveCfg = Debug|Win32
		{0C6BB80A-8924-4179-9A94-F8ABEF426DE1}.Debug|x86.Build.0 = Debug|Win32
		{0C6BB80A-8924-4179-9A94-F8ABEF426DE1}.Release|x64.ActiveCfg = Release|x64
		{0C6BB80A-8924-4179-9A94-F8ABEF426DE1}.Release|x64.Build.0 = Release|x64
		{0C6BB80A-8924-4179-9A94-F8ABEF426DE1}.Release|x86.ActiveCfg = Release|Win32
		{0C6BB80A-8924-4179-9A94-F8ABEF426DE1}.Release|x86.Build.0 = Release|Win32
		{88348D78-A949-4FF8-8A0A-2934744D89D2}.Debug|x64.ActiveCfg = Debug|x64
		{88348D78-A949-4FF8-8A0A-2934744D89D2}.Debug|x64.Build.0 = Debug|x64
		{88348D78-A949-4FF8-8A0A-2934744D89D2}.Debug|x86.ActiveCfg = Debug|Win32
		{88348D78-A949-4FF8-8A0A-2934744D89D2}.Debug|x86.Build.0 = Debug|Win32
		{88348D78-A949-4FF8-8A0A-2934744D89D2}.Release|x64.ActiveCfg = Release|x64
		{88348D78-A949-4FF8-8A0A-2934744D89D2}.Release|x64.Build.0 = Release|x64
		{88348D78-A949-4FF8-8A0A-2934744D89D2}.Release|x86.ActiveCfg = Release|Win32
		{88348D78-A949-4FF8-8A0A-2934744D89D2}.Release|x86.Build.0 = Release|Win32
	EndGlobalSection
	GlobalSection(SolutionProperties) = preSolution
		HideSolutionNode = FALSE
	EndGlobalSection
EndGlobal
