
Microsoft Visual Studio Solution File, Format Version 12.00
# Visual Studio 14
VisualStudioVersion = 14.0.25420.1
=======
MinimumVisualStudioVersion = 10.0.40219.1
Project("{8BC9CEB8-8B4A-11D0-8D11-00A0C91BC942}") = "StreamingNativeServerPlugin", "Plugins\NativeServerPlugin\StreamingNativeServerPlugin.vcxproj", "{6BC9C817-FD14-4540-A9C0-63CF16F770A6}"
EndProject
Project("{8BC9CEB8-8B4A-11D0-8D11-00A0C91BC942}") = "StreamingUnityServerPlugin", "Plugins\UnityServerPlugin\StreamingUnityServerPlugin.vcxproj", "{151FA678-E97E-4470-8D71-426B59AFB20B}"
EndProject
Project("{2150E333-8FDC-42A3-9474-1A3956D46DE8}") = "Servers", "Servers", "{0A5F9ED9-7108-463A-A563-BBBD528BC1A4}"
EndProject
Project("{8BC9CEB8-8B4A-11D0-8D11-00A0C91BC942}") = "MultithreadedServer", "Samples\Server\Directx-Multithreaded\MultithreadedServer.vcxproj", "{D93F84C9-9074-43BA-94C4-1FD25C5DD8F7}"
EndProject
Project("{8BC9CEB8-8B4A-11D0-8D11-00A0C91BC942}") = "SpinningCubeServer", "Samples\Server\Directx-SpinningCube\SpinningCubeServer.vcxproj", "{0C6BB80A-8924-4179-9A94-F8ABEF426DE1}"
EndProject
Project("{8BC9CEB8-8B4A-11D0-8D11-00A0C91BC942}") = "NvEncoder", "Libraries\NvEncoder\NvEncoder.vcxproj", "{84DA0532-9D88-4118-B454-C4801178A330}"
EndProject
Project("{8BC9CEB8-8B4A-11D0-8D11-00A0C91BC942}") = "StreamingDirectxClient", "Samples\Client\DirectxWin32\StreamingDirectxClient.vcxproj", "{DB35DAB6-614D-4097-B739-EF71326EFB05}"
EndProject
Project("{2150E333-8FDC-42A3-9474-1A3956D46DE8}") = "Clients", "Clients", "{E9049A23-41EA-452B-B6AF-6A2B4BD640A3}"
EndProject
Project("{2150E333-8FDC-42A3-9474-1A3956D46DE8}") = "Plugins", "Plugins", "{965DA7DA-2F95-404B-84D0-97BFE2854DC5}"
EndProject
Project("{2150E333-8FDC-42A3-9474-1A3956D46DE8}") = "UnityClient", "UnityClient", "{CC793864-6181-40D7-BBF5-292F33824F73}"
EndProject
Project("{FAE04EC0-301F-11D3-BF4B-00C04F79EFBC}") = "WebRtcWrapper", "Plugins\UnityClientPlugin\WebRtcWrapper\WebRtcWrapper.csproj", "{1857162F-96CC-451F-A4E2-3616207943AB}"
EndProject
Project("{FAE04EC0-301F-11D3-BF4B-00C04F79EFBC}") = "StreamingDirectxHololensClient", "Samples\Client\DirectxUWP\DirectxClient\StreamingDirectxHololensClient.csproj", "{6963DC83-256B-4AA3-B37B-530111B90537}"
EndProject
Project("{2150E333-8FDC-42A3-9474-1A3956D46DE8}") = "HoloLens Directx", "HoloLens Directx", "{EA642B24-D716-4FC3-B56E-CD160E371FF2}"
EndProject
Project("{8BC9CEB8-8B4A-11D0-8D11-00A0C91BC942}") = "DirectxClientComponent", "Samples\Client\DirectxUWP\DirectxClientComponent\DirectxClientComponent.vcxproj", "{80204D5C-6E4D-46A6-8506-C1280966FD16}"
EndProject
Project("{2150E333-8FDC-42A3-9474-1A3956D46DE8}") = "Components", "Components", "{AF65AE64-7F57-434D-9997-1F70FB94E708}"
EndProject
Project("{8BC9CEB8-8B4A-11D0-8D11-00A0C91BC942}") = "VideoTestRunner", "Utilities\VideoTestRunner\VideoTestRunner.vcxproj", "{CA5235E8-C2DA-4E7B-A200-8AAFE4DB070B}"
EndProject
Project("{2150E333-8FDC-42A3-9474-1A3956D46DE8}") = "Utilities", "Utilities", "{87DF2F4B-70E2-4A7B-ADA4-84A407B6A664}"
EndProject
Project("{2150E333-8FDC-42A3-9474-1A3956D46DE8}") = "VideoQualityTestGenerators", "VideoQualityTestGenerators", "{F3E3211E-8823-40D8-BEEC-847D6E2596C8}"
EndProject
Project("{8BC9CEB8-8B4A-11D0-8D11-00A0C91BC942}") = "MultithreadedTestRunner", "Samples\Server\Directx-Multithreaded\MultithreadedTestRunner.vcxproj", "{3A53BD5F-C403-4BA7-A1D1-0034638F515B}"
EndProject
Project("{8BC9CEB8-8B4A-11D0-8D11-00A0C91BC942}") = "SpinningCubeTestRunner", "Samples\Server\Directx-SpinningCube\SpinningCubeTestRunner.vcxproj", "{36655CC1-2C29-41A5-842C-CC2BC97714AD}"
EndProject
Project("{8BC9CEB8-8B4A-11D0-8D11-00A0C91BC942}") = "MediaEngineUWP", "Plugins\UnityClientPlugin\MediaEngineUWP\UWP\MediaEngineUWP.vcxproj", "{4A859119-6730-4612-987F-DABF98F213ED}"
EndProject
Project("{8BC9CEB8-8B4A-11D0-8D11-00A0C91BC942}") = "Shared", "Plugins\UnityClientPlugin\MediaEngineUWP\Shared\Shared.vcxitems", "{FE4A5965-EC67-4F68-B11D-6608906EF016}"
EndProject
Project("{2150E333-8FDC-42A3-9474-1A3956D46DE8}") = "Libraries", "Libraries", "{C1D9AA9A-9247-44AB-B59A-DEDA3DAD5C55}"
EndProject
Project("{8BC9CEB8-8B4A-11D0-8D11-00A0C91BC942}") = "SignalingClient", "Libraries\SignalingClient\SignalingClient.vcxproj", "{88348D78-A949-4FF8-8A0A-2934744D89D2}"
EndProject
Project("{2150E333-8FDC-42A3-9474-1A3956D46DE8}") = "Deploy", "Deploy", "{A2772E45-8415-433B-98BE-0DA89B1A2D23}"
EndProject
Project("{151D2E53-A2C4-4D7D-83FE-D05416EBD58E}") = "MultithreadedServerDeploy", "Samples\Server\Directx-Multithreaded\Deploy\MultithreadedServerDeploy.deployproj", "{7574B9EE-591A-4EEE-A4E2-551C5F979BCB}"
EndProject
Project("{151D2E53-A2C4-4D7D-83FE-D05416EBD58E}") = "SpinningCubeServerDeploy", "Samples\Server\Directx-SpinningCube\Deploy\SpinningCubeServerDeploy.deployproj", "{CB47ED71-1882-41BD-8E08-6726F2C20596}"
EndProject
Project("{8BC9CEB8-8B4A-11D0-8D11-00A0C91BC942}") = "DXUT", "Libraries\DXUT\Core\DXUT_2015_Win10.vcxproj", "{85344B7F-5AA0-4E12-A065-D1333D11F6CA}"
EndProject
Project("{8BC9CEB8-8B4A-11D0-8D11-00A0C91BC942}") = "DXUTOpt", "Libraries\DXUT\Optional\DXUTOpt_2015_Win10.vcxproj", "{61B333C2-C4F7-4CC1-A9BF-83F6D95588EB}"
EndProject
Project("{8BC9CEB8-8B4A-11D0-8D11-00A0C91BC942}") = "Authentication", "Libraries\Authentication\Authentication.vcxproj", "{0BF47A53-06E2-4102-B789-C36F46D95DC7}"
EndProject
Project("{8BC9CEB8-8B4A-11D0-8D11-00A0C91BC942}") = "UserInterface", "Libraries\UserInterface\UserInterface.vcxproj", "{95EB9544-2E62-4F54-8567-D55CD1DFD8FE}"
EndProject
Project("{8BC9CEB8-8B4A-11D0-8D11-00A0C91BC942}") = "ConfigParser", "Libraries\ConfigParser\ConfigParser.vcxproj", "{38E8FA5F-07BE-4022-AE99-EE8E7B45EB82}"
EndProject
Project("{8BC9CEB8-8B4A-11D0-8D11-00A0C91BC942}") = "SpinningCubeServerGL", "Samples\Server\Opengl-SpinningCube\SpinningCubeServerGL.vcxproj", "{883BC13F-8B2D-42DC-87EC-85E21ABFD600}"
EndProject
Project("{8BC9CEB8-8B4A-11D0-8D11-00A0C91BC942}") = "AbstractionFrameworks", "Libraries\AbstractionFrameworks\AbstractionFrameworks.vcxproj", "{1C69A47E-1C30-433C-8320-148AADBE93AA}"
EndProject
Project("{8BC9CEB8-8B4A-11D0-8D11-00A0C91BC942}") = "ConfigParser.Tests", "Libraries\ConfigParser\ConfigParser.Tests\ConfigParser.Tests.vcxproj", "{CB5A4970-3B08-4CEB-BD8E-B2919B27BEC2}"
EndProject
Global
	GlobalSection(SharedMSBuildProjectFiles) = preSolution
		Plugins\UnityClientPlugin\MediaEngineUWP\Shared\Shared.vcxitems*{4a859119-6730-4612-987f-dabf98f213ed}*SharedItemsImports = 4
		Plugins\UnityClientPlugin\MediaEngineUWP\Shared\Shared.vcxitems*{fe4a5965-ec67-4f68-b11d-6608906ef016}*SharedItemsImports = 9
	EndGlobalSection
	GlobalSection(SolutionConfigurationPlatforms) = preSolution
		Debug|x64 = Debug|x64
		Debug|x86 = Debug|x86
		Profile|x64 = Profile|x64
		Profile|x86 = Profile|x86
		Release|x64 = Release|x64
		Release|x86 = Release|x86
	EndGlobalSection
	GlobalSection(ProjectConfigurationPlatforms) = postSolution
		{6BC9C817-FD14-4540-A9C0-63CF16F770A6}.Debug|x64.ActiveCfg = Debug|x64
		{6BC9C817-FD14-4540-A9C0-63CF16F770A6}.Debug|x64.Build.0 = Debug|x64
		{6BC9C817-FD14-4540-A9C0-63CF16F770A6}.Debug|x86.ActiveCfg = Debug|Win32
		{6BC9C817-FD14-4540-A9C0-63CF16F770A6}.Debug|x86.Build.0 = Debug|Win32
		{6BC9C817-FD14-4540-A9C0-63CF16F770A6}.Profile|x64.ActiveCfg = Release|x64
		{6BC9C817-FD14-4540-A9C0-63CF16F770A6}.Profile|x64.Build.0 = Release|x64
		{6BC9C817-FD14-4540-A9C0-63CF16F770A6}.Profile|x64.Deploy.0 = Release|x64
		{6BC9C817-FD14-4540-A9C0-63CF16F770A6}.Profile|x86.ActiveCfg = Release|Win32
		{6BC9C817-FD14-4540-A9C0-63CF16F770A6}.Profile|x86.Build.0 = Release|Win32
		{6BC9C817-FD14-4540-A9C0-63CF16F770A6}.Profile|x86.Deploy.0 = Release|Win32
		{6BC9C817-FD14-4540-A9C0-63CF16F770A6}.Release|x64.ActiveCfg = Release|x64
		{6BC9C817-FD14-4540-A9C0-63CF16F770A6}.Release|x64.Build.0 = Release|x64
		{6BC9C817-FD14-4540-A9C0-63CF16F770A6}.Release|x86.ActiveCfg = Release|Win32
		{6BC9C817-FD14-4540-A9C0-63CF16F770A6}.Release|x86.Build.0 = Release|Win32
		{151FA678-E97E-4470-8D71-426B59AFB20B}.Debug|x64.ActiveCfg = Debug|x64
		{151FA678-E97E-4470-8D71-426B59AFB20B}.Debug|x64.Build.0 = Debug|x64
		{151FA678-E97E-4470-8D71-426B59AFB20B}.Debug|x86.ActiveCfg = Debug|Win32
		{151FA678-E97E-4470-8D71-426B59AFB20B}.Debug|x86.Build.0 = Debug|Win32
		{151FA678-E97E-4470-8D71-426B59AFB20B}.Profile|x64.ActiveCfg = Release|x64
		{151FA678-E97E-4470-8D71-426B59AFB20B}.Profile|x64.Build.0 = Release|x64
		{151FA678-E97E-4470-8D71-426B59AFB20B}.Profile|x86.ActiveCfg = Release|Win32
		{151FA678-E97E-4470-8D71-426B59AFB20B}.Profile|x86.Build.0 = Release|Win32
		{151FA678-E97E-4470-8D71-426B59AFB20B}.Release|x64.ActiveCfg = Release|x64
		{151FA678-E97E-4470-8D71-426B59AFB20B}.Release|x64.Build.0 = Release|x64
		{151FA678-E97E-4470-8D71-426B59AFB20B}.Release|x86.ActiveCfg = Release|Win32
		{151FA678-E97E-4470-8D71-426B59AFB20B}.Release|x86.Build.0 = Release|Win32
		{D93F84C9-9074-43BA-94C4-1FD25C5DD8F7}.Debug|x64.ActiveCfg = Debug|x64
		{D93F84C9-9074-43BA-94C4-1FD25C5DD8F7}.Debug|x64.Build.0 = Debug|x64
		{D93F84C9-9074-43BA-94C4-1FD25C5DD8F7}.Debug|x86.ActiveCfg = Debug|Win32
		{D93F84C9-9074-43BA-94C4-1FD25C5DD8F7}.Debug|x86.Build.0 = Debug|Win32
		{D93F84C9-9074-43BA-94C4-1FD25C5DD8F7}.Profile|x64.ActiveCfg = Release|x64
		{D93F84C9-9074-43BA-94C4-1FD25C5DD8F7}.Profile|x64.Build.0 = Release|x64
		{D93F84C9-9074-43BA-94C4-1FD25C5DD8F7}.Profile|x86.ActiveCfg = Release|Win32
		{D93F84C9-9074-43BA-94C4-1FD25C5DD8F7}.Profile|x86.Build.0 = Release|Win32
		{D93F84C9-9074-43BA-94C4-1FD25C5DD8F7}.Release|x64.ActiveCfg = Release|x64
		{D93F84C9-9074-43BA-94C4-1FD25C5DD8F7}.Release|x64.Build.0 = Release|x64
		{D93F84C9-9074-43BA-94C4-1FD25C5DD8F7}.Release|x86.ActiveCfg = Release|Win32
		{D93F84C9-9074-43BA-94C4-1FD25C5DD8F7}.Release|x86.Build.0 = Release|Win32
		{0C6BB80A-8924-4179-9A94-F8ABEF426DE1}.Debug|x64.ActiveCfg = Debug|x64
		{0C6BB80A-8924-4179-9A94-F8ABEF426DE1}.Debug|x64.Build.0 = Debug|x64
		{0C6BB80A-8924-4179-9A94-F8ABEF426DE1}.Debug|x86.ActiveCfg = Debug|Win32
		{0C6BB80A-8924-4179-9A94-F8ABEF426DE1}.Debug|x86.Build.0 = Debug|Win32
		{0C6BB80A-8924-4179-9A94-F8ABEF426DE1}.Profile|x64.ActiveCfg = Release|x64
		{0C6BB80A-8924-4179-9A94-F8ABEF426DE1}.Profile|x64.Build.0 = Release|x64
		{0C6BB80A-8924-4179-9A94-F8ABEF426DE1}.Profile|x64.Deploy.0 = Release|x64
		{0C6BB80A-8924-4179-9A94-F8ABEF426DE1}.Profile|x86.ActiveCfg = Release|Win32
		{0C6BB80A-8924-4179-9A94-F8ABEF426DE1}.Profile|x86.Build.0 = Release|Win32
		{0C6BB80A-8924-4179-9A94-F8ABEF426DE1}.Profile|x86.Deploy.0 = Release|Win32
		{0C6BB80A-8924-4179-9A94-F8ABEF426DE1}.Release|x64.ActiveCfg = Release|x64
		{0C6BB80A-8924-4179-9A94-F8ABEF426DE1}.Release|x64.Build.0 = Release|x64
		{0C6BB80A-8924-4179-9A94-F8ABEF426DE1}.Release|x86.ActiveCfg = Release|Win32
		{0C6BB80A-8924-4179-9A94-F8ABEF426DE1}.Release|x86.Build.0 = Release|Win32
		{84DA0532-9D88-4118-B454-C4801178A330}.Debug|x64.ActiveCfg = Debug|x64
		{84DA0532-9D88-4118-B454-C4801178A330}.Debug|x64.Build.0 = Debug|x64
		{84DA0532-9D88-4118-B454-C4801178A330}.Debug|x86.ActiveCfg = Debug|Win32
		{84DA0532-9D88-4118-B454-C4801178A330}.Debug|x86.Build.0 = Debug|Win32
		{84DA0532-9D88-4118-B454-C4801178A330}.Profile|x64.ActiveCfg = Release|x64
		{84DA0532-9D88-4118-B454-C4801178A330}.Profile|x64.Build.0 = Release|x64
		{84DA0532-9D88-4118-B454-C4801178A330}.Profile|x64.Deploy.0 = Release|x64
		{84DA0532-9D88-4118-B454-C4801178A330}.Profile|x86.ActiveCfg = Release|Win32
		{84DA0532-9D88-4118-B454-C4801178A330}.Profile|x86.Build.0 = Release|Win32
		{84DA0532-9D88-4118-B454-C4801178A330}.Profile|x86.Deploy.0 = Release|Win32
		{84DA0532-9D88-4118-B454-C4801178A330}.Release|x64.ActiveCfg = Release|x64
		{84DA0532-9D88-4118-B454-C4801178A330}.Release|x64.Build.0 = Release|x64
		{84DA0532-9D88-4118-B454-C4801178A330}.Release|x86.ActiveCfg = Release|Win32
		{84DA0532-9D88-4118-B454-C4801178A330}.Release|x86.Build.0 = Release|Win32
		{DB35DAB6-614D-4097-B739-EF71326EFB05}.Debug|x64.ActiveCfg = Debug|x64
		{DB35DAB6-614D-4097-B739-EF71326EFB05}.Debug|x64.Build.0 = Debug|x64
		{DB35DAB6-614D-4097-B739-EF71326EFB05}.Debug|x86.ActiveCfg = Debug|Win32
		{DB35DAB6-614D-4097-B739-EF71326EFB05}.Debug|x86.Build.0 = Debug|Win32
		{DB35DAB6-614D-4097-B739-EF71326EFB05}.Profile|x64.ActiveCfg = Release|x64
		{DB35DAB6-614D-4097-B739-EF71326EFB05}.Profile|x64.Build.0 = Release|x64
		{DB35DAB6-614D-4097-B739-EF71326EFB05}.Profile|x64.Deploy.0 = Release|x64
		{DB35DAB6-614D-4097-B739-EF71326EFB05}.Profile|x86.ActiveCfg = Release|Win32
		{DB35DAB6-614D-4097-B739-EF71326EFB05}.Profile|x86.Build.0 = Release|Win32
		{DB35DAB6-614D-4097-B739-EF71326EFB05}.Profile|x86.Deploy.0 = Release|Win32
		{DB35DAB6-614D-4097-B739-EF71326EFB05}.Release|x64.ActiveCfg = Release|x64
		{DB35DAB6-614D-4097-B739-EF71326EFB05}.Release|x64.Build.0 = Release|x64
		{DB35DAB6-614D-4097-B739-EF71326EFB05}.Release|x86.ActiveCfg = Release|Win32
		{DB35DAB6-614D-4097-B739-EF71326EFB05}.Release|x86.Build.0 = Release|Win32
		{1857162F-96CC-451F-A4E2-3616207943AB}.Debug|x64.ActiveCfg = Debug|x64
		{1857162F-96CC-451F-A4E2-3616207943AB}.Debug|x64.Build.0 = Debug|x64
		{1857162F-96CC-451F-A4E2-3616207943AB}.Debug|x86.ActiveCfg = Debug|x86
		{1857162F-96CC-451F-A4E2-3616207943AB}.Debug|x86.Build.0 = Debug|x86
		{1857162F-96CC-451F-A4E2-3616207943AB}.Profile|x64.ActiveCfg = Release|x64
		{1857162F-96CC-451F-A4E2-3616207943AB}.Profile|x64.Build.0 = Release|x64
		{1857162F-96CC-451F-A4E2-3616207943AB}.Profile|x86.ActiveCfg = Release|x86
		{1857162F-96CC-451F-A4E2-3616207943AB}.Profile|x86.Build.0 = Release|x86
		{1857162F-96CC-451F-A4E2-3616207943AB}.Release|x64.ActiveCfg = Release|x64
		{1857162F-96CC-451F-A4E2-3616207943AB}.Release|x64.Build.0 = Release|x64
		{1857162F-96CC-451F-A4E2-3616207943AB}.Release|x86.ActiveCfg = Release|x86
		{1857162F-96CC-451F-A4E2-3616207943AB}.Release|x86.Build.0 = Release|x86
		{6963DC83-256B-4AA3-B37B-530111B90537}.Debug|x64.ActiveCfg = Debug|x64
		{6963DC83-256B-4AA3-B37B-530111B90537}.Debug|x64.Build.0 = Debug|x64
		{6963DC83-256B-4AA3-B37B-530111B90537}.Debug|x64.Deploy.0 = Debug|x64
		{6963DC83-256B-4AA3-B37B-530111B90537}.Debug|x86.ActiveCfg = Debug|x86
		{6963DC83-256B-4AA3-B37B-530111B90537}.Debug|x86.Build.0 = Debug|x86
		{6963DC83-256B-4AA3-B37B-530111B90537}.Debug|x86.Deploy.0 = Debug|x86
		{6963DC83-256B-4AA3-B37B-530111B90537}.Profile|x64.ActiveCfg = Release|x64
		{6963DC83-256B-4AA3-B37B-530111B90537}.Profile|x64.Build.0 = Release|x64
		{6963DC83-256B-4AA3-B37B-530111B90537}.Profile|x64.Deploy.0 = Release|x64
		{6963DC83-256B-4AA3-B37B-530111B90537}.Profile|x86.ActiveCfg = Release|x86
		{6963DC83-256B-4AA3-B37B-530111B90537}.Profile|x86.Build.0 = Release|x86
		{6963DC83-256B-4AA3-B37B-530111B90537}.Profile|x86.Deploy.0 = Release|x86
		{6963DC83-256B-4AA3-B37B-530111B90537}.Release|x64.ActiveCfg = Release|x64
		{6963DC83-256B-4AA3-B37B-530111B90537}.Release|x64.Build.0 = Release|x64
		{6963DC83-256B-4AA3-B37B-530111B90537}.Release|x64.Deploy.0 = Release|x64
		{6963DC83-256B-4AA3-B37B-530111B90537}.Release|x86.ActiveCfg = Release|x86
		{6963DC83-256B-4AA3-B37B-530111B90537}.Release|x86.Build.0 = Release|x86
		{6963DC83-256B-4AA3-B37B-530111B90537}.Release|x86.Deploy.0 = Release|x86
		{80204D5C-6E4D-46A6-8506-C1280966FD16}.Debug|x64.ActiveCfg = Debug|x64
		{80204D5C-6E4D-46A6-8506-C1280966FD16}.Debug|x64.Build.0 = Debug|x64
		{80204D5C-6E4D-46A6-8506-C1280966FD16}.Debug|x86.ActiveCfg = Debug|Win32
		{80204D5C-6E4D-46A6-8506-C1280966FD16}.Debug|x86.Build.0 = Debug|Win32
		{80204D5C-6E4D-46A6-8506-C1280966FD16}.Profile|x64.ActiveCfg = Release|x64
		{80204D5C-6E4D-46A6-8506-C1280966FD16}.Profile|x64.Build.0 = Release|x64
		{80204D5C-6E4D-46A6-8506-C1280966FD16}.Profile|x86.ActiveCfg = Release|Win32
		{80204D5C-6E4D-46A6-8506-C1280966FD16}.Profile|x86.Build.0 = Release|Win32
		{80204D5C-6E4D-46A6-8506-C1280966FD16}.Release|x64.ActiveCfg = Release|x64
		{80204D5C-6E4D-46A6-8506-C1280966FD16}.Release|x64.Build.0 = Release|x64
		{80204D5C-6E4D-46A6-8506-C1280966FD16}.Release|x86.ActiveCfg = Release|Win32
		{80204D5C-6E4D-46A6-8506-C1280966FD16}.Release|x86.Build.0 = Release|Win32
		{CA5235E8-C2DA-4E7B-A200-8AAFE4DB070B}.Debug|x64.ActiveCfg = Debug|x64
		{CA5235E8-C2DA-4E7B-A200-8AAFE4DB070B}.Debug|x64.Build.0 = Debug|x64
		{CA5235E8-C2DA-4E7B-A200-8AAFE4DB070B}.Debug|x86.ActiveCfg = Debug|Win32
		{CA5235E8-C2DA-4E7B-A200-8AAFE4DB070B}.Debug|x86.Build.0 = Debug|Win32
		{CA5235E8-C2DA-4E7B-A200-8AAFE4DB070B}.Profile|x64.ActiveCfg = Release|x64
		{CA5235E8-C2DA-4E7B-A200-8AAFE4DB070B}.Profile|x64.Build.0 = Release|x64
		{CA5235E8-C2DA-4E7B-A200-8AAFE4DB070B}.Profile|x64.Deploy.0 = Release|x64
		{CA5235E8-C2DA-4E7B-A200-8AAFE4DB070B}.Profile|x86.ActiveCfg = Release|Win32
		{CA5235E8-C2DA-4E7B-A200-8AAFE4DB070B}.Profile|x86.Build.0 = Release|Win32
		{CA5235E8-C2DA-4E7B-A200-8AAFE4DB070B}.Profile|x86.Deploy.0 = Release|Win32
		{CA5235E8-C2DA-4E7B-A200-8AAFE4DB070B}.Release|x64.ActiveCfg = Release|x64
		{CA5235E8-C2DA-4E7B-A200-8AAFE4DB070B}.Release|x64.Build.0 = Release|x64
		{CA5235E8-C2DA-4E7B-A200-8AAFE4DB070B}.Release|x86.ActiveCfg = Release|Win32
		{CA5235E8-C2DA-4E7B-A200-8AAFE4DB070B}.Release|x86.Build.0 = Release|Win32
		{3A53BD5F-C403-4BA7-A1D1-0034638F515B}.Debug|x64.ActiveCfg = Debug|x64
		{3A53BD5F-C403-4BA7-A1D1-0034638F515B}.Debug|x64.Build.0 = Debug|x64
		{3A53BD5F-C403-4BA7-A1D1-0034638F515B}.Debug|x86.ActiveCfg = Debug|Win32
		{3A53BD5F-C403-4BA7-A1D1-0034638F515B}.Debug|x86.Build.0 = Debug|Win32
		{3A53BD5F-C403-4BA7-A1D1-0034638F515B}.Profile|x64.ActiveCfg = Release|x64
		{3A53BD5F-C403-4BA7-A1D1-0034638F515B}.Profile|x64.Build.0 = Release|x64
		{3A53BD5F-C403-4BA7-A1D1-0034638F515B}.Profile|x64.Deploy.0 = Release|x64
		{3A53BD5F-C403-4BA7-A1D1-0034638F515B}.Profile|x86.ActiveCfg = Release|Win32
		{3A53BD5F-C403-4BA7-A1D1-0034638F515B}.Profile|x86.Build.0 = Release|Win32
		{3A53BD5F-C403-4BA7-A1D1-0034638F515B}.Profile|x86.Deploy.0 = Release|Win32
		{3A53BD5F-C403-4BA7-A1D1-0034638F515B}.Release|x64.ActiveCfg = Release|x64
		{3A53BD5F-C403-4BA7-A1D1-0034638F515B}.Release|x64.Build.0 = Release|x64
		{3A53BD5F-C403-4BA7-A1D1-0034638F515B}.Release|x86.ActiveCfg = Release|Win32
		{3A53BD5F-C403-4BA7-A1D1-0034638F515B}.Release|x86.Build.0 = Release|Win32
		{36655CC1-2C29-41A5-842C-CC2BC97714AD}.Debug|x64.ActiveCfg = Debug|x64
		{36655CC1-2C29-41A5-842C-CC2BC97714AD}.Debug|x64.Build.0 = Debug|x64
		{36655CC1-2C29-41A5-842C-CC2BC97714AD}.Debug|x86.ActiveCfg = Debug|Win32
		{36655CC1-2C29-41A5-842C-CC2BC97714AD}.Debug|x86.Build.0 = Debug|Win32
		{36655CC1-2C29-41A5-842C-CC2BC97714AD}.Profile|x64.ActiveCfg = Release|x64
		{36655CC1-2C29-41A5-842C-CC2BC97714AD}.Profile|x64.Build.0 = Release|x64
		{36655CC1-2C29-41A5-842C-CC2BC97714AD}.Profile|x64.Deploy.0 = Release|x64
		{36655CC1-2C29-41A5-842C-CC2BC97714AD}.Profile|x86.ActiveCfg = Release|Win32
		{36655CC1-2C29-41A5-842C-CC2BC97714AD}.Profile|x86.Build.0 = Release|Win32
		{36655CC1-2C29-41A5-842C-CC2BC97714AD}.Profile|x86.Deploy.0 = Release|Win32
		{36655CC1-2C29-41A5-842C-CC2BC97714AD}.Release|x64.ActiveCfg = Release|x64
		{36655CC1-2C29-41A5-842C-CC2BC97714AD}.Release|x64.Build.0 = Release|x64
		{36655CC1-2C29-41A5-842C-CC2BC97714AD}.Release|x86.ActiveCfg = Release|Win32
		{36655CC1-2C29-41A5-842C-CC2BC97714AD}.Release|x86.Build.0 = Release|Win32
		{4A859119-6730-4612-987F-DABF98F213ED}.Debug|x64.ActiveCfg = Debug|x64
		{4A859119-6730-4612-987F-DABF98F213ED}.Debug|x86.ActiveCfg = Debug|Win32
		{4A859119-6730-4612-987F-DABF98F213ED}.Debug|x86.Build.0 = Debug|Win32
		{4A859119-6730-4612-987F-DABF98F213ED}.Profile|x64.ActiveCfg = Release|x64
		{4A859119-6730-4612-987F-DABF98F213ED}.Profile|x64.Build.0 = Release|x64
		{4A859119-6730-4612-987F-DABF98F213ED}.Profile|x86.ActiveCfg = Release|Win32
		{4A859119-6730-4612-987F-DABF98F213ED}.Profile|x86.Build.0 = Release|Win32
		{4A859119-6730-4612-987F-DABF98F213ED}.Release|x64.ActiveCfg = Release|x64
		{4A859119-6730-4612-987F-DABF98F213ED}.Release|x86.ActiveCfg = Release|Win32
		{4A859119-6730-4612-987F-DABF98F213ED}.Release|x86.Build.0 = Release|Win32
		{88348D78-A949-4FF8-8A0A-2934744D89D2}.Debug|x64.ActiveCfg = Debug|x64
		{88348D78-A949-4FF8-8A0A-2934744D89D2}.Debug|x64.Build.0 = Debug|x64
		{88348D78-A949-4FF8-8A0A-2934744D89D2}.Debug|x86.ActiveCfg = Debug|Win32
		{88348D78-A949-4FF8-8A0A-2934744D89D2}.Debug|x86.Build.0 = Debug|Win32
		{88348D78-A949-4FF8-8A0A-2934744D89D2}.Profile|x64.ActiveCfg = Release|x64
		{88348D78-A949-4FF8-8A0A-2934744D89D2}.Profile|x64.Build.0 = Release|x64
		{88348D78-A949-4FF8-8A0A-2934744D89D2}.Profile|x64.Deploy.0 = Release|x64
		{88348D78-A949-4FF8-8A0A-2934744D89D2}.Profile|x86.ActiveCfg = Release|Win32
		{88348D78-A949-4FF8-8A0A-2934744D89D2}.Profile|x86.Build.0 = Release|Win32
		{88348D78-A949-4FF8-8A0A-2934744D89D2}.Profile|x86.Deploy.0 = Release|Win32
		{88348D78-A949-4FF8-8A0A-2934744D89D2}.Release|x64.ActiveCfg = Release|x64
		{88348D78-A949-4FF8-8A0A-2934744D89D2}.Release|x64.Build.0 = Release|x64
		{88348D78-A949-4FF8-8A0A-2934744D89D2}.Release|x86.ActiveCfg = Release|Win32
		{88348D78-A949-4FF8-8A0A-2934744D89D2}.Release|x86.Build.0 = Release|Win32
		{7574B9EE-591A-4EEE-A4E2-551C5F979BCB}.Debug|x64.ActiveCfg = Debug|x64
		{7574B9EE-591A-4EEE-A4E2-551C5F979BCB}.Debug|x64.Build.0 = Debug|x64
		{7574B9EE-591A-4EEE-A4E2-551C5F979BCB}.Debug|x86.ActiveCfg = Debug|x86
		{7574B9EE-591A-4EEE-A4E2-551C5F979BCB}.Profile|x64.ActiveCfg = Release|x64
		{7574B9EE-591A-4EEE-A4E2-551C5F979BCB}.Profile|x64.Build.0 = Release|x64
		{7574B9EE-591A-4EEE-A4E2-551C5F979BCB}.Profile|x86.ActiveCfg = Release|x86
		{7574B9EE-591A-4EEE-A4E2-551C5F979BCB}.Profile|x86.Build.0 = Release|x86
		{7574B9EE-591A-4EEE-A4E2-551C5F979BCB}.Release|x64.ActiveCfg = Release|x64
		{7574B9EE-591A-4EEE-A4E2-551C5F979BCB}.Release|x64.Build.0 = Release|x64
		{7574B9EE-591A-4EEE-A4E2-551C5F979BCB}.Release|x86.ActiveCfg = Release|x86
		{7574B9EE-591A-4EEE-A4E2-551C5F979BCB}.Release|x86.Build.0 = Release|x86
		{CB47ED71-1882-41BD-8E08-6726F2C20596}.Debug|x64.ActiveCfg = Debug|x64
		{CB47ED71-1882-41BD-8E08-6726F2C20596}.Debug|x64.Build.0 = Debug|x64
		{CB47ED71-1882-41BD-8E08-6726F2C20596}.Debug|x86.ActiveCfg = Debug|x86
		{CB47ED71-1882-41BD-8E08-6726F2C20596}.Profile|x64.ActiveCfg = Release|x64
		{CB47ED71-1882-41BD-8E08-6726F2C20596}.Profile|x64.Build.0 = Release|x64
		{CB47ED71-1882-41BD-8E08-6726F2C20596}.Profile|x86.ActiveCfg = Release|x86
		{CB47ED71-1882-41BD-8E08-6726F2C20596}.Profile|x86.Build.0 = Release|x86
		{CB47ED71-1882-41BD-8E08-6726F2C20596}.Release|x64.ActiveCfg = Release|x64
		{CB47ED71-1882-41BD-8E08-6726F2C20596}.Release|x64.Build.0 = Release|x64
		{CB47ED71-1882-41BD-8E08-6726F2C20596}.Release|x86.ActiveCfg = Release|x86
		{CB47ED71-1882-41BD-8E08-6726F2C20596}.Release|x86.Build.0 = Release|x86
		{85344B7F-5AA0-4E12-A065-D1333D11F6CA}.Debug|x64.ActiveCfg = Debug|x64
		{85344B7F-5AA0-4E12-A065-D1333D11F6CA}.Debug|x64.Build.0 = Debug|x64
		{85344B7F-5AA0-4E12-A065-D1333D11F6CA}.Debug|x86.ActiveCfg = Debug|Win32
		{85344B7F-5AA0-4E12-A065-D1333D11F6CA}.Debug|x86.Build.0 = Debug|Win32
		{85344B7F-5AA0-4E12-A065-D1333D11F6CA}.Profile|x64.ActiveCfg = Profile|x64
		{85344B7F-5AA0-4E12-A065-D1333D11F6CA}.Profile|x64.Build.0 = Profile|x64
		{85344B7F-5AA0-4E12-A065-D1333D11F6CA}.Profile|x86.ActiveCfg = Profile|Win32
		{85344B7F-5AA0-4E12-A065-D1333D11F6CA}.Profile|x86.Build.0 = Profile|Win32
		{85344B7F-5AA0-4E12-A065-D1333D11F6CA}.Release|x64.ActiveCfg = Release|x64
		{85344B7F-5AA0-4E12-A065-D1333D11F6CA}.Release|x64.Build.0 = Release|x64
		{85344B7F-5AA0-4E12-A065-D1333D11F6CA}.Release|x86.ActiveCfg = Release|Win32
		{85344B7F-5AA0-4E12-A065-D1333D11F6CA}.Release|x86.Build.0 = Release|Win32
		{61B333C2-C4F7-4CC1-A9BF-83F6D95588EB}.Debug|x64.ActiveCfg = Debug|x64
		{61B333C2-C4F7-4CC1-A9BF-83F6D95588EB}.Debug|x64.Build.0 = Debug|x64
		{61B333C2-C4F7-4CC1-A9BF-83F6D95588EB}.Debug|x86.ActiveCfg = Debug|Win32
		{61B333C2-C4F7-4CC1-A9BF-83F6D95588EB}.Debug|x86.Build.0 = Debug|Win32
		{61B333C2-C4F7-4CC1-A9BF-83F6D95588EB}.Profile|x64.ActiveCfg = Profile|x64
		{61B333C2-C4F7-4CC1-A9BF-83F6D95588EB}.Profile|x64.Build.0 = Profile|x64
		{61B333C2-C4F7-4CC1-A9BF-83F6D95588EB}.Profile|x86.ActiveCfg = Profile|Win32
		{61B333C2-C4F7-4CC1-A9BF-83F6D95588EB}.Profile|x86.Build.0 = Profile|Win32
		{61B333C2-C4F7-4CC1-A9BF-83F6D95588EB}.Release|x64.ActiveCfg = Release|x64
		{61B333C2-C4F7-4CC1-A9BF-83F6D95588EB}.Release|x64.Build.0 = Release|x64
		{61B333C2-C4F7-4CC1-A9BF-83F6D95588EB}.Release|x86.ActiveCfg = Release|Win32
		{61B333C2-C4F7-4CC1-A9BF-83F6D95588EB}.Release|x86.Build.0 = Release|Win32
		{0BF47A53-06E2-4102-B789-C36F46D95DC7}.Debug|x64.ActiveCfg = Debug|x64
		{0BF47A53-06E2-4102-B789-C36F46D95DC7}.Debug|x64.Build.0 = Debug|x64
		{0BF47A53-06E2-4102-B789-C36F46D95DC7}.Debug|x86.ActiveCfg = Debug|Win32
		{0BF47A53-06E2-4102-B789-C36F46D95DC7}.Debug|x86.Build.0 = Debug|Win32
		{0BF47A53-06E2-4102-B789-C36F46D95DC7}.Profile|x64.ActiveCfg = Release|x64
		{0BF47A53-06E2-4102-B789-C36F46D95DC7}.Profile|x64.Build.0 = Release|x64
		{0BF47A53-06E2-4102-B789-C36F46D95DC7}.Profile|x86.ActiveCfg = Release|Win32
		{0BF47A53-06E2-4102-B789-C36F46D95DC7}.Profile|x86.Build.0 = Release|Win32
		{0BF47A53-06E2-4102-B789-C36F46D95DC7}.Release|x64.ActiveCfg = Release|x64
		{0BF47A53-06E2-4102-B789-C36F46D95DC7}.Release|x64.Build.0 = Release|x64
		{0BF47A53-06E2-4102-B789-C36F46D95DC7}.Release|x86.ActiveCfg = Release|Win32
		{0BF47A53-06E2-4102-B789-C36F46D95DC7}.Release|x86.Build.0 = Release|Win32
		{95EB9544-2E62-4F54-8567-D55CD1DFD8FE}.Debug|x64.ActiveCfg = Debug|x64
		{95EB9544-2E62-4F54-8567-D55CD1DFD8FE}.Debug|x64.Build.0 = Debug|x64
		{95EB9544-2E62-4F54-8567-D55CD1DFD8FE}.Debug|x86.ActiveCfg = Debug|Win32
		{95EB9544-2E62-4F54-8567-D55CD1DFD8FE}.Debug|x86.Build.0 = Debug|Win32
		{95EB9544-2E62-4F54-8567-D55CD1DFD8FE}.Profile|x64.ActiveCfg = Release|x64
		{95EB9544-2E62-4F54-8567-D55CD1DFD8FE}.Profile|x64.Build.0 = Release|x64
		{95EB9544-2E62-4F54-8567-D55CD1DFD8FE}.Profile|x86.ActiveCfg = Release|Win32
		{95EB9544-2E62-4F54-8567-D55CD1DFD8FE}.Profile|x86.Build.0 = Release|Win32
		{95EB9544-2E62-4F54-8567-D55CD1DFD8FE}.Release|x64.ActiveCfg = Release|x64
		{95EB9544-2E62-4F54-8567-D55CD1DFD8FE}.Release|x64.Build.0 = Release|x64
		{95EB9544-2E62-4F54-8567-D55CD1DFD8FE}.Release|x86.ActiveCfg = Release|Win32
		{95EB9544-2E62-4F54-8567-D55CD1DFD8FE}.Release|x86.Build.0 = Release|Win32
		{38E8FA5F-07BE-4022-AE99-EE8E7B45EB82}.Debug|x64.ActiveCfg = Debug|x64
		{38E8FA5F-07BE-4022-AE99-EE8E7B45EB82}.Debug|x64.Build.0 = Debug|x64
		{38E8FA5F-07BE-4022-AE99-EE8E7B45EB82}.Debug|x86.ActiveCfg = Debug|Win32
		{38E8FA5F-07BE-4022-AE99-EE8E7B45EB82}.Debug|x86.Build.0 = Debug|Win32
		{38E8FA5F-07BE-4022-AE99-EE8E7B45EB82}.Profile|x64.ActiveCfg = Release|x64
		{38E8FA5F-07BE-4022-AE99-EE8E7B45EB82}.Profile|x64.Build.0 = Release|x64
		{38E8FA5F-07BE-4022-AE99-EE8E7B45EB82}.Profile|x86.ActiveCfg = Release|Win32
		{38E8FA5F-07BE-4022-AE99-EE8E7B45EB82}.Profile|x86.Build.0 = Release|Win32
		{38E8FA5F-07BE-4022-AE99-EE8E7B45EB82}.Release|x64.ActiveCfg = Release|x64
		{38E8FA5F-07BE-4022-AE99-EE8E7B45EB82}.Release|x64.Build.0 = Release|x64
		{38E8FA5F-07BE-4022-AE99-EE8E7B45EB82}.Release|x86.ActiveCfg = Release|Win32
		{38E8FA5F-07BE-4022-AE99-EE8E7B45EB82}.Release|x86.Build.0 = Release|Win32
		{883BC13F-8B2D-42DC-87EC-85E21ABFD600}.Debug|x64.ActiveCfg = Debug|x64
		{883BC13F-8B2D-42DC-87EC-85E21ABFD600}.Debug|x64.Build.0 = Debug|x64
		{883BC13F-8B2D-42DC-87EC-85E21ABFD600}.Debug|x86.ActiveCfg = Debug|Win32
		{883BC13F-8B2D-42DC-87EC-85E21ABFD600}.Debug|x86.Build.0 = Debug|Win32
		{883BC13F-8B2D-42DC-87EC-85E21ABFD600}.Profile|x64.ActiveCfg = Release|x64
		{883BC13F-8B2D-42DC-87EC-85E21ABFD600}.Profile|x64.Build.0 = Release|x64
		{883BC13F-8B2D-42DC-87EC-85E21ABFD600}.Profile|x86.ActiveCfg = Release|Win32
		{883BC13F-8B2D-42DC-87EC-85E21ABFD600}.Profile|x86.Build.0 = Release|Win32
		{883BC13F-8B2D-42DC-87EC-85E21ABFD600}.Release|x64.ActiveCfg = Release|x64
		{883BC13F-8B2D-42DC-87EC-85E21ABFD600}.Release|x64.Build.0 = Release|x64
		{883BC13F-8B2D-42DC-87EC-85E21ABFD600}.Release|x86.ActiveCfg = Release|Win32
		{883BC13F-8B2D-42DC-87EC-85E21ABFD600}.Release|x86.Build.0 = Release|Win32
		{1C69A47E-1C30-433C-8320-148AADBE93AA}.Debug|x64.ActiveCfg = Debug|x64
		{1C69A47E-1C30-433C-8320-148AADBE93AA}.Debug|x64.Build.0 = Debug|x64
		{1C69A47E-1C30-433C-8320-148AADBE93AA}.Debug|x86.ActiveCfg = Debug|Win32
		{1C69A47E-1C30-433C-8320-148AADBE93AA}.Debug|x86.Build.0 = Debug|Win32
		{1C69A47E-1C30-433C-8320-148AADBE93AA}.Profile|x64.ActiveCfg = Release|x64
		{1C69A47E-1C30-433C-8320-148AADBE93AA}.Profile|x64.Build.0 = Release|x64
		{1C69A47E-1C30-433C-8320-148AADBE93AA}.Profile|x86.ActiveCfg = Release|Win32
		{1C69A47E-1C30-433C-8320-148AADBE93AA}.Profile|x86.Build.0 = Release|Win32
		{1C69A47E-1C30-433C-8320-148AADBE93AA}.Release|x64.ActiveCfg = Release|x64
		{1C69A47E-1C30-433C-8320-148AADBE93AA}.Release|x64.Build.0 = Release|x64
		{1C69A47E-1C30-433C-8320-148AADBE93AA}.Release|x86.ActiveCfg = Release|Win32
		{1C69A47E-1C30-433C-8320-148AADBE93AA}.Release|x86.Build.0 = Release|Win32
		{CB5A4970-3B08-4CEB-BD8E-B2919B27BEC2}.Debug|x64.ActiveCfg = Debug|x64
		{CB5A4970-3B08-4CEB-BD8E-B2919B27BEC2}.Debug|x64.Build.0 = Debug|x64
		{CB5A4970-3B08-4CEB-BD8E-B2919B27BEC2}.Debug|x86.ActiveCfg = Debug|Win32
		{CB5A4970-3B08-4CEB-BD8E-B2919B27BEC2}.Debug|x86.Build.0 = Debug|Win32
		{CB5A4970-3B08-4CEB-BD8E-B2919B27BEC2}.Profile|x64.ActiveCfg = Release|x64
		{CB5A4970-3B08-4CEB-BD8E-B2919B27BEC2}.Profile|x64.Build.0 = Release|x64
		{CB5A4970-3B08-4CEB-BD8E-B2919B27BEC2}.Profile|x86.ActiveCfg = Release|Win32
		{CB5A4970-3B08-4CEB-BD8E-B2919B27BEC2}.Profile|x86.Build.0 = Release|Win32
		{CB5A4970-3B08-4CEB-BD8E-B2919B27BEC2}.Release|x64.ActiveCfg = Release|x64
		{CB5A4970-3B08-4CEB-BD8E-B2919B27BEC2}.Release|x64.Build.0 = Release|x64
		{CB5A4970-3B08-4CEB-BD8E-B2919B27BEC2}.Release|x86.ActiveCfg = Release|Win32
		{CB5A4970-3B08-4CEB-BD8E-B2919B27BEC2}.Release|x86.Build.0 = Release|Win32
>>>>>>> master
	EndGlobalSection
	GlobalSection(SolutionProperties) = preSolution
		HideSolutionNode = FALSE
	EndGlobalSection
	GlobalSection(NestedProjects) = preSolution
		{6BC9C817-FD14-4540-A9C0-63CF16F770A6} = {965DA7DA-2F95-404B-84D0-97BFE2854DC5}
		{151FA678-E97E-4470-8D71-426B59AFB20B} = {965DA7DA-2F95-404B-84D0-97BFE2854DC5}
		{D93F84C9-9074-43BA-94C4-1FD25C5DD8F7} = {0A5F9ED9-7108-463A-A563-BBBD528BC1A4}
		{0C6BB80A-8924-4179-9A94-F8ABEF426DE1} = {0A5F9ED9-7108-463A-A563-BBBD528BC1A4}
		{84DA0532-9D88-4118-B454-C4801178A330} = {F3E3211E-8823-40D8-BEEC-847D6E2596C8}
		{DB35DAB6-614D-4097-B739-EF71326EFB05} = {E9049A23-41EA-452B-B6AF-6A2B4BD640A3}
		{CC793864-6181-40D7-BBF5-292F33824F73} = {965DA7DA-2F95-404B-84D0-97BFE2854DC5}
		{1857162F-96CC-451F-A4E2-3616207943AB} = {CC793864-6181-40D7-BBF5-292F33824F73}
		{6963DC83-256B-4AA3-B37B-530111B90537} = {EA642B24-D716-4FC3-B56E-CD160E371FF2}
		{EA642B24-D716-4FC3-B56E-CD160E371FF2} = {E9049A23-41EA-452B-B6AF-6A2B4BD640A3}
		{80204D5C-6E4D-46A6-8506-C1280966FD16} = {AF65AE64-7F57-434D-9997-1F70FB94E708}
		{AF65AE64-7F57-434D-9997-1F70FB94E708} = {EA642B24-D716-4FC3-B56E-CD160E371FF2}
		{CA5235E8-C2DA-4E7B-A200-8AAFE4DB070B} = {F3E3211E-8823-40D8-BEEC-847D6E2596C8}
		{F3E3211E-8823-40D8-BEEC-847D6E2596C8} = {87DF2F4B-70E2-4A7B-ADA4-84A407B6A664}
		{3A53BD5F-C403-4BA7-A1D1-0034638F515B} = {F3E3211E-8823-40D8-BEEC-847D6E2596C8}
		{36655CC1-2C29-41A5-842C-CC2BC97714AD} = {F3E3211E-8823-40D8-BEEC-847D6E2596C8}
		{4A859119-6730-4612-987F-DABF98F213ED} = {CC793864-6181-40D7-BBF5-292F33824F73}
		{FE4A5965-EC67-4F68-B11D-6608906EF016} = {CC793864-6181-40D7-BBF5-292F33824F73}
		{88348D78-A949-4FF8-8A0A-2934744D89D2} = {C1D9AA9A-9247-44AB-B59A-DEDA3DAD5C55}
		{A2772E45-8415-433B-98BE-0DA89B1A2D23} = {0A5F9ED9-7108-463A-A563-BBBD528BC1A4}
		{7574B9EE-591A-4EEE-A4E2-551C5F979BCB} = {A2772E45-8415-433B-98BE-0DA89B1A2D23}
		{CB47ED71-1882-41BD-8E08-6726F2C20596} = {A2772E45-8415-433B-98BE-0DA89B1A2D23}
		{85344B7F-5AA0-4E12-A065-D1333D11F6CA} = {C1D9AA9A-9247-44AB-B59A-DEDA3DAD5C55}
		{61B333C2-C4F7-4CC1-A9BF-83F6D95588EB} = {C1D9AA9A-9247-44AB-B59A-DEDA3DAD5C55}
		{0BF47A53-06E2-4102-B789-C36F46D95DC7} = {C1D9AA9A-9247-44AB-B59A-DEDA3DAD5C55}
		{95EB9544-2E62-4F54-8567-D55CD1DFD8FE} = {C1D9AA9A-9247-44AB-B59A-DEDA3DAD5C55}
		{38E8FA5F-07BE-4022-AE99-EE8E7B45EB82} = {C1D9AA9A-9247-44AB-B59A-DEDA3DAD5C55}
		{883BC13F-8B2D-42DC-87EC-85E21ABFD600} = {0A5F9ED9-7108-463A-A563-BBBD528BC1A4}
		{1C69A47E-1C30-433C-8320-148AADBE93AA} = {C1D9AA9A-9247-44AB-B59A-DEDA3DAD5C55}
		{CB5A4970-3B08-4CEB-BD8E-B2919B27BEC2} = {C1D9AA9A-9247-44AB-B59A-DEDA3DAD5C55}
	EndGlobalSection
	GlobalSection(ExtensibilityGlobals) = postSolution
		SolutionGuid = {D1D23C28-E2E0-4076-BE92-AE4E2CC868F5}
	EndGlobalSection
EndGlobal
