<?xml version="1.0" encoding="utf-8"?>
<Project ToolsVersion="4.0" xmlns="http://schemas.microsoft.com/developer/msbuild/2003">
  <ItemGroup>
    <Filter Include="Headers">
      <UniqueIdentifier>{fc03c18e-3374-4407-8529-83c32d24ddf4}</UniqueIdentifier>
    </Filter>
    <Filter Include="Source">
      <UniqueIdentifier>{9842d50a-0500-4f58-9a77-aa5cc85a2907}</UniqueIdentifier>
    </Filter>
    <Filter Include="Headers\webrtc">
      <UniqueIdentifier>{d1d23560-c755-4078-8e06-f7c1213c3a45}</UniqueIdentifier>
    </Filter>
    <Filter Include="Headers\StreamingToolkit">
      <UniqueIdentifier>{48037dfb-a9eb-42a6-860a-90e71a4cbd7a}</UniqueIdentifier>
    </Filter>
    <Filter Include="Source\webrtc">
      <UniqueIdentifier>{beee4047-8fb4-43c0-ad25-bb82ae27a505}</UniqueIdentifier>
    </Filter>
    <Filter Include="Source\StreamingToolkit">
      <UniqueIdentifier>{f7153af4-a5f7-4c27-9a25-eec57aa89d8b}</UniqueIdentifier>
    </Filter>
    <Filter Include="Headers\service">
      <UniqueIdentifier>{47673f50-b638-43ac-81e3-63374a345751}</UniqueIdentifier>
    </Filter>
    <Filter Include="Source\service">
      <UniqueIdentifier>{7fc60957-07af-442f-990b-12d61c583d9a}</UniqueIdentifier>
    </Filter>
    <Filter Include="Config">
      <UniqueIdentifier>{92ea109f-11f9-4448-b937-6b299ef6e133}</UniqueIdentifier>
    </Filter>
    <Filter Include="Scripts">
      <UniqueIdentifier>{8f207088-9b36-4d7d-bc5b-c0f56a02666c}</UniqueIdentifier>
    </Filter>
  </ItemGroup>
  <ItemGroup>
    <ClCompile Include="pch.cpp" />
    <ClCompile Include="src\conductor.cpp">
      <Filter>Source\webrtc</Filter>
    </ClCompile>
    <ClCompile Include="src\defaults.cpp">
      <Filter>Source\webrtc</Filter>
    </ClCompile>
    <ClCompile Include="src\input_data_channel_observer.cpp">
      <Filter>Source\StreamingToolkit</Filter>
    </ClCompile>
    <ClCompile Include="src\render_service.cpp">
      <Filter>Source\service</Filter>
    </ClCompile>
    <ClCompile Include="src\service_base.cpp">
      <Filter>Source\service</Filter>
    </ClCompile>
    <ClCompile Include="src\buffer_capturer.cpp">
      <Filter>Source\StreamingToolkit</Filter>
    </ClCompile>
    <ClCompile Include="src\directx_buffer_capturer.cpp">
      <Filter>Source\StreamingToolkit</Filter>
    </ClCompile>
    <ClCompile Include="inc\peer_conductor.hpp">
      <Filter>Source\webrtc</Filter>
    </ClCompile>
  </ItemGroup>
  <ItemGroup>
    <ClInclude Include="pch.h" />
    <ClInclude Include="inc\conductor.h">
      <Filter>Headers\webrtc</Filter>
    </ClInclude>
    <ClInclude Include="inc\defaults.h">
      <Filter>Headers\webrtc</Filter>
    </ClInclude>
    <ClInclude Include="inc\flagdefs.h">
      <Filter>Headers\webrtc</Filter>
    </ClInclude>
    <ClInclude Include="inc\macros.h">
      <Filter>Headers\StreamingToolkit</Filter>
    </ClInclude>
    <ClInclude Include="inc\plugindefs.h">
      <Filter>Headers\StreamingToolkit</Filter>
    </ClInclude>
    <ClInclude Include="inc\input_data_channel_observer.h">
      <Filter>Headers\StreamingToolkit</Filter>
    </ClInclude>
    <ClInclude Include="inc\service\render_service.h">
      <Filter>Headers\service</Filter>
    </ClInclude>
    <ClInclude Include="inc\service\service_base.h">
      <Filter>Headers\service</Filter>
    </ClInclude>
    <ClInclude Include="inc\service\thread_pool.h">
      <Filter>Headers\service</Filter>
    </ClInclude>
    <ClInclude Include="inc\buffer_capturer.h">
      <Filter>Headers\StreamingToolkit</Filter>
    </ClInclude>
    <ClInclude Include="inc\directx_buffer_capturer.h">
      <Filter>Headers\StreamingToolkit</Filter>
    </ClInclude>
    <ClInclude Include="inc\multi_peer_conductor.hpp">
      <Filter>Source\webrtc</Filter>
    </ClInclude>
  </ItemGroup>
  <ItemGroup>
    <None Include="exports.props" />
    <None Include="nvEncConfig.json">
      <Filter>Config</Filter>
    </None>
    <None Include="webrtcConfig.json">
      <Filter>Config</Filter>
    </None>
    <None Include="webrtcConfigStunTemplate.json">
      <Filter>Config</Filter>
    </None>
    <None Include="serverConfig.json">
      <Filter>Config</Filter>
    </None>
    <None Include="serviceDelete.ps1">
      <Filter>Scripts</Filter>
    </None>
    <None Include="serviceRegister.ps1">
      <Filter>Scripts</Filter>
    </None>
    <None Include="serviceStart.ps1">
      <Filter>Scripts</Filter>
    </None>
    <None Include="serviceStop.ps1">
      <Filter>Scripts</Filter>
    </None>
  </ItemGroup>
</Project>