
Microsoft Visual Studio Solution File, Format Version 12.00
# Visual Studio 15
VisualStudioVersion = 15.0.26403.0
MinimumVisualStudioVersion = 10.0.40219.1
Project("{FAE04EC0-301F-11D3-BF4B-00C04F79EFBC}") = "WebRtcIntegration", "WebRtcIntegration\WebRtcIntegration.csproj", "{8687DEB8-CA66-437A-B514-492AB56E3BC0}"
EndProject
Project("{FAE04EC0-301F-11D3-BF4B-00C04F79EFBC}") = "WebRtcWrapper", "WebRtcWrapper\WebRtcWrapper.csproj", "{1857162F-96CC-451F-A4E2-3616207943AB}"
EndProject
Project("{FAE04EC0-301F-11D3-BF4B-00C04F79EFBC}") = "WebRtcPlaceholder", "WebRtcPlaceholder\WebRtcPlaceholder.csproj", "{D2C4953A-9F99-425A-AD2C-8A7ED6DD6091}"
EndProject
Project("{8BC9CEB8-8B4A-11D0-8D11-00A0C91BC942}") = "TexturesWin32", "TexturesWin32\TexturesWin32.vcxproj", "{C324D092-BA59-4C9A-BF4B-9D2E74ED9FEB}"
EndProject
Project("{8BC9CEB8-8B4A-11D0-8D11-00A0C91BC942}") = "TexturesUWP", "TexturesUWP\TexturesUWP.vcxproj", "{F4485146-5735-4743-8C0B-7EDE73BCB1FC}"
EndProject
Global
	GlobalSection(SolutionConfigurationPlatforms) = preSolution
		Debug|Any CPU = Debug|Any CPU
		Debug|ARM = Debug|ARM
		Debug|x64 = Debug|x64
		Debug|x86 = Debug|x86
		Release|Any CPU = Release|Any CPU
		Release|ARM = Release|ARM
		Release|x64 = Release|x64
		Release|x86 = Release|x86
	EndGlobalSection
	GlobalSection(ProjectConfigurationPlatforms) = postSolution
		{8687DEB8-CA66-437A-B514-492AB56E3BC0}.Debug|Any CPU.ActiveCfg = Debug|x86
		{8687DEB8-CA66-437A-B514-492AB56E3BC0}.Debug|ARM.ActiveCfg = Debug|ARM
		{8687DEB8-CA66-437A-B514-492AB56E3BC0}.Debug|ARM.Build.0 = Debug|ARM
		{8687DEB8-CA66-437A-B514-492AB56E3BC0}.Debug|ARM.Deploy.0 = Debug|ARM
		{8687DEB8-CA66-437A-B514-492AB56E3BC0}.Debug|x64.ActiveCfg = Debug|x64
		{8687DEB8-CA66-437A-B514-492AB56E3BC0}.Debug|x64.Build.0 = Debug|x64
		{8687DEB8-CA66-437A-B514-492AB56E3BC0}.Debug|x64.Deploy.0 = Debug|x64
		{8687DEB8-CA66-437A-B514-492AB56E3BC0}.Debug|x86.ActiveCfg = Debug|x86
		{8687DEB8-CA66-437A-B514-492AB56E3BC0}.Debug|x86.Build.0 = Debug|x86
		{8687DEB8-CA66-437A-B514-492AB56E3BC0}.Debug|x86.Deploy.0 = Debug|x86
		{8687DEB8-CA66-437A-B514-492AB56E3BC0}.Release|Any CPU.ActiveCfg = Release|x86
		{8687DEB8-CA66-437A-B514-492AB56E3BC0}.Release|ARM.ActiveCfg = Release|ARM
		{8687DEB8-CA66-437A-B514-492AB56E3BC0}.Release|ARM.Build.0 = Release|ARM
		{8687DEB8-CA66-437A-B514-492AB56E3BC0}.Release|ARM.Deploy.0 = Release|ARM
		{8687DEB8-CA66-437A-B514-492AB56E3BC0}.Release|x64.ActiveCfg = Release|x64
		{8687DEB8-CA66-437A-B514-492AB56E3BC0}.Release|x64.Build.0 = Release|x64
		{8687DEB8-CA66-437A-B514-492AB56E3BC0}.Release|x64.Deploy.0 = Release|x64
		{8687DEB8-CA66-437A-B514-492AB56E3BC0}.Release|x86.ActiveCfg = Release|x86
		{8687DEB8-CA66-437A-B514-492AB56E3BC0}.Release|x86.Build.0 = Release|x86
		{8687DEB8-CA66-437A-B514-492AB56E3BC0}.Release|x86.Deploy.0 = Release|x86
		{1857162F-96CC-451F-A4E2-3616207943AB}.Debug|Any CPU.ActiveCfg = Debug|Any CPU
		{1857162F-96CC-451F-A4E2-3616207943AB}.Debug|Any CPU.Build.0 = Debug|Any CPU
		{1857162F-96CC-451F-A4E2-3616207943AB}.Debug|ARM.ActiveCfg = Debug|ARM
		{1857162F-96CC-451F-A4E2-3616207943AB}.Debug|ARM.Build.0 = Debug|ARM
		{1857162F-96CC-451F-A4E2-3616207943AB}.Debug|x64.ActiveCfg = Debug|x64
		{1857162F-96CC-451F-A4E2-3616207943AB}.Debug|x64.Build.0 = Debug|x64
		{1857162F-96CC-451F-A4E2-3616207943AB}.Debug|x86.ActiveCfg = Debug|x86
		{1857162F-96CC-451F-A4E2-3616207943AB}.Debug|x86.Build.0 = Debug|x86
		{1857162F-96CC-451F-A4E2-3616207943AB}.Release|Any CPU.ActiveCfg = Release|Any CPU
		{1857162F-96CC-451F-A4E2-3616207943AB}.Release|Any CPU.Build.0 = Release|Any CPU
		{1857162F-96CC-451F-A4E2-3616207943AB}.Release|ARM.ActiveCfg = Release|ARM
		{1857162F-96CC-451F-A4E2-3616207943AB}.Release|ARM.Build.0 = Release|ARM
		{1857162F-96CC-451F-A4E2-3616207943AB}.Release|x64.ActiveCfg = Release|x64
		{1857162F-96CC-451F-A4E2-3616207943AB}.Release|x64.Build.0 = Release|x64
		{1857162F-96CC-451F-A4E2-3616207943AB}.Release|x86.ActiveCfg = Release|x86
		{1857162F-96CC-451F-A4E2-3616207943AB}.Release|x86.Build.0 = Release|x86
		{D2C4953A-9F99-425A-AD2C-8A7ED6DD6091}.Debug|Any CPU.ActiveCfg = Debug|Any CPU
		{D2C4953A-9F99-425A-AD2C-8A7ED6DD6091}.Debug|Any CPU.Build.0 = Debug|Any CPU
		{D2C4953A-9F99-425A-AD2C-8A7ED6DD6091}.Debug|ARM.ActiveCfg = Debug|Any CPU
		{D2C4953A-9F99-425A-AD2C-8A7ED6DD6091}.Debug|ARM.Build.0 = Debug|Any CPU
		{D2C4953A-9F99-425A-AD2C-8A7ED6DD6091}.Debug|x64.ActiveCfg = Debug|Any CPU
		{D2C4953A-9F99-425A-AD2C-8A7ED6DD6091}.Debug|x64.Build.0 = Debug|Any CPU
		{D2C4953A-9F99-425A-AD2C-8A7ED6DD6091}.Debug|x86.ActiveCfg = Debug|Any CPU
		{D2C4953A-9F99-425A-AD2C-8A7ED6DD6091}.Debug|x86.Build.0 = Debug|Any CPU
		{D2C4953A-9F99-425A-AD2C-8A7ED6DD6091}.Release|Any CPU.ActiveCfg = Release|Any CPU
		{D2C4953A-9F99-425A-AD2C-8A7ED6DD6091}.Release|Any CPU.Build.0 = Release|Any CPU
		{D2C4953A-9F99-425A-AD2C-8A7ED6DD6091}.Release|ARM.ActiveCfg = Release|Any CPU
		{D2C4953A-9F99-425A-AD2C-8A7ED6DD6091}.Release|ARM.Build.0 = Release|Any CPU
		{D2C4953A-9F99-425A-AD2C-8A7ED6DD6091}.Release|x64.ActiveCfg = Release|Any CPU
		{D2C4953A-9F99-425A-AD2C-8A7ED6DD6091}.Release|x64.Build.0 = Release|Any CPU
		{D2C4953A-9F99-425A-AD2C-8A7ED6DD6091}.Release|x86.ActiveCfg = Release|Any CPU
		{D2C4953A-9F99-425A-AD2C-8A7ED6DD6091}.Release|x86.Build.0 = Release|Any CPU
		{C324D092-BA59-4C9A-BF4B-9D2E74ED9FEB}.Debug|Any CPU.ActiveCfg = Debug|Win32
		{C324D092-BA59-4C9A-BF4B-9D2E74ED9FEB}.Debug|ARM.ActiveCfg = Debug|Win32
		{C324D092-BA59-4C9A-BF4B-9D2E74ED9FEB}.Debug|x64.ActiveCfg = Debug|x64
		{C324D092-BA59-4C9A-BF4B-9D2E74ED9FEB}.Debug|x64.Build.0 = Debug|x64
		{C324D092-BA59-4C9A-BF4B-9D2E74ED9FEB}.Debug|x86.ActiveCfg = Debug|Win32
		{C324D092-BA59-4C9A-BF4B-9D2E74ED9FEB}.Debug|x86.Build.0 = Debug|Win32
		{C324D092-BA59-4C9A-BF4B-9D2E74ED9FEB}.Release|Any CPU.ActiveCfg = Release|Win32
		{C324D092-BA59-4C9A-BF4B-9D2E74ED9FEB}.Release|ARM.ActiveCfg = Release|Win32
		{C324D092-BA59-4C9A-BF4B-9D2E74ED9FEB}.Release|x64.ActiveCfg = Release|x64
		{C324D092-BA59-4C9A-BF4B-9D2E74ED9FEB}.Release|x64.Build.0 = Release|x64
		{C324D092-BA59-4C9A-BF4B-9D2E74ED9FEB}.Release|x86.ActiveCfg = Release|Win32
		{C324D092-BA59-4C9A-BF4B-9D2E74ED9FEB}.Release|x86.Build.0 = Release|Win32
		{F4485146-5735-4743-8C0B-7EDE73BCB1FC}.Debug|Any CPU.ActiveCfg = Debug|Win32
		{F4485146-5735-4743-8C0B-7EDE73BCB1FC}.Debug|ARM.ActiveCfg = Debug|ARM
		{F4485146-5735-4743-8C0B-7EDE73BCB1FC}.Debug|ARM.Build.0 = Debug|ARM
		{F4485146-5735-4743-8C0B-7EDE73BCB1FC}.Debug|x64.ActiveCfg = Debug|x64
		{F4485146-5735-4743-8C0B-7EDE73BCB1FC}.Debug|x64.Build.0 = Debug|x64
		{F4485146-5735-4743-8C0B-7EDE73BCB1FC}.Debug|x86.ActiveCfg = Debug|Win32
		{F4485146-5735-4743-8C0B-7EDE73BCB1FC}.Debug|x86.Build.0 = Debug|Win32
		{F4485146-5735-4743-8C0B-7EDE73BCB1FC}.Release|Any CPU.ActiveCfg = Release|Win32
		{F4485146-5735-4743-8C0B-7EDE73BCB1FC}.Release|ARM.ActiveCfg = Release|ARM
		{F4485146-5735-4743-8C0B-7EDE73BCB1FC}.Release|ARM.Build.0 = Release|ARM
		{F4485146-5735-4743-8C0B-7EDE73BCB1FC}.Release|x64.ActiveCfg = Release|x64
		{F4485146-5735-4743-8C0B-7EDE73BCB1FC}.Release|x64.Build.0 = Release|x64
		{F4485146-5735-4743-8C0B-7EDE73BCB1FC}.Release|x86.ActiveCfg = Release|Win32
		{F4485146-5735-4743-8C0B-7EDE73BCB1FC}.Release|x86.Build.0 = Release|Win32
	EndGlobalSection
	GlobalSection(SolutionProperties) = preSolution
		HideSolutionNode = FALSE
	EndGlobalSection
EndGlobal
