
Microsoft Visual Studio Solution File, Format Version 12.00
# Visual Studio 14
VisualStudioVersion = 14.0.25420.1
MinimumVisualStudioVersion = 10.0.40219.1
Project("{FAE04EC0-301F-11D3-BF4B-00C04F79EFBC}") = "StreamingDirectxHololensClient", "DirectxClient\StreamingDirectxHololensClient.csproj", "{6963DC83-256B-4AA3-B37B-530111B90537}"
	ProjectSection(ProjectDependencies) = postProject
		{FD9E6A0F-1DD6-4F65-B41C-E4FF0FE7709B} = {FD9E6A0F-1DD6-4F65-B41C-E4FF0FE7709B}
		{80204D5C-6E4D-46A6-8506-C1280966FD16} = {80204D5C-6E4D-46A6-8506-C1280966FD16}
	EndProjectSection
EndProject
Project("{8BC9CEB8-8B4A-11D0-8D11-00A0C91BC942}") = "DirectxClientComponent", "DirectxClientComponent\DirectxClientComponent.vcxproj", "{80204D5C-6E4D-46A6-8506-C1280966FD16}"
EndProject
Project("{FAE04EC0-301F-11D3-BF4B-00C04F79EFBC}") = "WebRtcWrapper", "WebRtcWrapper\WebRtcWrapper.csproj", "{FD9E6A0F-1DD6-4F65-B41C-E4FF0FE7709B}"
EndProject
Global
	GlobalSection(SolutionConfigurationPlatforms) = preSolution
		Debug|x64 = Debug|x64
		Debug|x86 = Debug|x86
		Release|x64 = Release|x64
		Release|x86 = Release|x86
	EndGlobalSection
	GlobalSection(ProjectConfigurationPlatforms) = postSolution
		{6963DC83-256B-4AA3-B37B-530111B90537}.Debug|x64.ActiveCfg = Debug|x64
		{6963DC83-256B-4AA3-B37B-530111B90537}.Debug|x64.Build.0 = Debug|x64
		{6963DC83-256B-4AA3-B37B-530111B90537}.Debug|x64.Deploy.0 = Debug|x64
		{6963DC83-256B-4AA3-B37B-530111B90537}.Debug|x86.ActiveCfg = Debug|x86
		{6963DC83-256B-4AA3-B37B-530111B90537}.Debug|x86.Build.0 = Debug|x86
		{6963DC83-256B-4AA3-B37B-530111B90537}.Debug|x86.Deploy.0 = Debug|x86
		{6963DC83-256B-4AA3-B37B-530111B90537}.Release|x64.ActiveCfg = Release|x64
		{6963DC83-256B-4AA3-B37B-530111B90537}.Release|x64.Build.0 = Release|x64
		{6963DC83-256B-4AA3-B37B-530111B90537}.Release|x64.Deploy.0 = Release|x64
		{6963DC83-256B-4AA3-B37B-530111B90537}.Release|x86.ActiveCfg = Release|x86
		{6963DC83-256B-4AA3-B37B-530111B90537}.Release|x86.Build.0 = Release|x86
		{6963DC83-256B-4AA3-B37B-530111B90537}.Release|x86.Deploy.0 = Release|x86
		{80204D5C-6E4D-46A6-8506-C1280966FD16}.Debug|x64.ActiveCfg = Debug|x64
		{80204D5C-6E4D-46A6-8506-C1280966FD16}.Debug|x64.Build.0 = Debug|x64
		{80204D5C-6E4D-46A6-8506-C1280966FD16}.Debug|x86.ActiveCfg = Debug|Win32
		{80204D5C-6E4D-46A6-8506-C1280966FD16}.Debug|x86.Build.0 = Debug|Win32
		{80204D5C-6E4D-46A6-8506-C1280966FD16}.Release|x64.ActiveCfg = Release|x64
		{80204D5C-6E4D-46A6-8506-C1280966FD16}.Release|x64.Build.0 = Release|x64
		{80204D5C-6E4D-46A6-8506-C1280966FD16}.Release|x86.ActiveCfg = Release|Win32
		{80204D5C-6E4D-46A6-8506-C1280966FD16}.Release|x86.Build.0 = Release|Win32
		{FD9E6A0F-1DD6-4F65-B41C-E4FF0FE7709B}.Debug|x64.ActiveCfg = Debug|x64
		{FD9E6A0F-1DD6-4F65-B41C-E4FF0FE7709B}.Debug|x64.Build.0 = Debug|x64
		{FD9E6A0F-1DD6-4F65-B41C-E4FF0FE7709B}.Debug|x86.ActiveCfg = Debug|x86
		{FD9E6A0F-1DD6-4F65-B41C-E4FF0FE7709B}.Debug|x86.Build.0 = Debug|x86
		{FD9E6A0F-1DD6-4F65-B41C-E4FF0FE7709B}.Release|x64.ActiveCfg = Release|x64
		{FD9E6A0F-1DD6-4F65-B41C-E4FF0FE7709B}.Release|x64.Build.0 = Release|x64
		{FD9E6A0F-1DD6-4F65-B41C-E4FF0FE7709B}.Release|x86.ActiveCfg = Release|x86
		{FD9E6A0F-1DD6-4F65-B41C-E4FF0FE7709B}.Release|x86.Build.0 = Release|x86
	EndGlobalSection
	GlobalSection(SolutionProperties) = preSolution
		HideSolutionNode = FALSE
	EndGlobalSection
EndGlobal
