<?xml version="1.0" encoding="utf-8"?>
<Project ToolsVersion="4.0" xmlns:atg="http://atg.xbox.com" xmlns="http://schemas.microsoft.com/developer/msbuild/2003">
  <ItemGroup>
    <Filter Include="Resource Files">
      <UniqueIdentifier>{8e114980-c1a3-4ada-ad7c-83caadf5daeb}</UniqueIdentifier>
      <Extensions>rc;ico;cur;bmp;dlg;rc2;rct;bin;rgs;gif;jpg;jpeg;jpe</Extensions>
    </Filter>
    <Filter Include="Shaders">
      <UniqueIdentifier>{2c3d4c8c-5d1a-459a-a05a-a4e4b608a44e}</UniqueIdentifier>
      <Extensions>fx;fxh;hlsl</Extensions>
    </Filter>
    <Filter Include="Headers">
      <UniqueIdentifier>{961c99e0-ee7a-4451-8d49-09bdedbcf341}</UniqueIdentifier>
    </Filter>
    <Filter Include="Source">
      <UniqueIdentifier>{ed70df6d-a07f-43b6-b8f9-74be8987105a}</UniqueIdentifier>
    </Filter>
  </ItemGroup>
  <ItemGroup>
    <ClCompile Include="Multithreaded.cpp">
      <Filter>Source</Filter>
    </ClCompile>
    <ClCompile Include="MultiDeviceContextDXUTMesh.cpp">
      <Filter>Source</Filter>
    </ClCompile>
    <ClCompile Include="..\..\..\Libraries\DXUT\Stereo\CameraResources.cpp">
      <Filter>Source</Filter>
    </ClCompile>
  </ItemGroup>
  <ItemGroup>
    <None Include="Multithreaded_PS.hlsl">
      <Filter>Shaders</Filter>
    </None>
    <None Include="Multithreaded_VS.hlsl">
      <Filter>Shaders</Filter>
    </None>
  </ItemGroup>
  <ItemGroup>
    <CLInclude Include="resource.h">
      <Filter>Resource Files</Filter>
    </CLInclude>
    <ClInclude Include="defs.h">
      <Filter>Headers</Filter>
    </ClInclude>
    <ClInclude Include="webrtc.h">
      <Filter>Headers</Filter>
    </ClInclude>
    <ClInclude Include="server_renderer.h">
      <Filter>Headers</Filter>
    </ClInclude>
    <ClInclude Include="test_runner.h">
      <Filter>Headers</Filter>
    </ClInclude>
    <ClInclude Include="MultiDeviceContextDXUTMesh.h">
      <Filter>Headers</Filter>
    </ClInclude>
    <ClInclude Include="..\..\..\Libraries\DXUT\Stereo\CameraResources.h">
      <Filter>Headers</Filter>
    </ClInclude>
  </ItemGroup>
</Project>