
Microsoft Visual Studio Solution File, Format Version 12.00
# Visual Studio 14
VisualStudioVersion = 14.0.25420.1
MinimumVisualStudioVersion = 10.0.40219.1
Project("{FAE04EC0-301F-11D3-BF4B-00C04F79EFBC}") = "WebRtcWrapper", "WebRtcWrapper\WebRtcWrapper.csproj", "{1857162F-96CC-451F-A4E2-3616207943AB}"
EndProject
Project("{8BC9CEB8-8B4A-11D0-8D11-00A0C91BC942}") = "TexturesUWP", "TexturesUWP\TexturesUWP.vcxproj", "{CD55C6F2-DE59-415F-A843-8F413D9A60B0}"
EndProject
Project("{FAE04EC0-301F-11D3-BF4B-00C04F79EFBC}") = "XamlTestApp", "XamlTestApp\XamlTestApp.csproj", "{D01FEAF5-8747-49D7-A7D1-19DBED5840BE}"
EndProject
Global
	GlobalSection(SolutionConfigurationPlatforms) = preSolution
		Debug|Any CPU = Debug|Any CPU
		Debug|ARM = Debug|ARM
		Debug|x64 = Debug|x64
		Debug|x86 = Debug|x86
		Release|Any CPU = Release|Any CPU
		Release|ARM = Release|ARM
		Release|x64 = Release|x64
		Release|x86 = Release|x86
	EndGlobalSection
	GlobalSection(ProjectConfigurationPlatforms) = postSolution
		{1857162F-96CC-451F-A4E2-3616207943AB}.Debug|Any CPU.ActiveCfg = Debug|Any CPU
		{1857162F-96CC-451F-A4E2-3616207943AB}.Debug|Any CPU.Build.0 = Debug|Any CPU
		{1857162F-96CC-451F-A4E2-3616207943AB}.Debug|ARM.ActiveCfg = Debug|ARM
		{1857162F-96CC-451F-A4E2-3616207943AB}.Debug|ARM.Build.0 = Debug|ARM
		{1857162F-96CC-451F-A4E2-3616207943AB}.Debug|x64.ActiveCfg = Debug|x64
		{1857162F-96CC-451F-A4E2-3616207943AB}.Debug|x64.Build.0 = Debug|x64
		{1857162F-96CC-451F-A4E2-3616207943AB}.Debug|x86.ActiveCfg = Debug|x86
		{1857162F-96CC-451F-A4E2-3616207943AB}.Debug|x86.Build.0 = Debug|x86
		{1857162F-96CC-451F-A4E2-3616207943AB}.Release|Any CPU.ActiveCfg = Release|Any CPU
		{1857162F-96CC-451F-A4E2-3616207943AB}.Release|Any CPU.Build.0 = Release|Any CPU
		{1857162F-96CC-451F-A4E2-3616207943AB}.Release|ARM.ActiveCfg = Release|ARM
		{1857162F-96CC-451F-A4E2-3616207943AB}.Release|ARM.Build.0 = Release|ARM
		{1857162F-96CC-451F-A4E2-3616207943AB}.Release|x64.ActiveCfg = Release|x64
		{1857162F-96CC-451F-A4E2-3616207943AB}.Release|x64.Build.0 = Release|x64
		{1857162F-96CC-451F-A4E2-3616207943AB}.Release|x86.ActiveCfg = Release|x86
		{1857162F-96CC-451F-A4E2-3616207943AB}.Release|x86.Build.0 = Release|x86
		{CD55C6F2-DE59-415F-A843-8F413D9A60B0}.Debug|Any CPU.ActiveCfg = Debug|Win32
		{CD55C6F2-DE59-415F-A843-8F413D9A60B0}.Debug|ARM.ActiveCfg = Debug|ARM
		{CD55C6F2-DE59-415F-A843-8F413D9A60B0}.Debug|ARM.Build.0 = Debug|ARM
		{CD55C6F2-DE59-415F-A843-8F413D9A60B0}.Debug|x64.ActiveCfg = Debug|x64
		{CD55C6F2-DE59-415F-A843-8F413D9A60B0}.Debug|x64.Build.0 = Debug|x64
		{CD55C6F2-DE59-415F-A843-8F413D9A60B0}.Debug|x86.ActiveCfg = Debug|Win32
		{CD55C6F2-DE59-415F-A843-8F413D9A60B0}.Debug|x86.Build.0 = Debug|Win32
		{CD55C6F2-DE59-415F-A843-8F413D9A60B0}.Release|Any CPU.ActiveCfg = Release|Win32
		{CD55C6F2-DE59-415F-A843-8F413D9A60B0}.Release|ARM.ActiveCfg = Release|ARM
		{CD55C6F2-DE59-415F-A843-8F413D9A60B0}.Release|ARM.Build.0 = Release|ARM
		{CD55C6F2-DE59-415F-A843-8F413D9A60B0}.Release|x64.ActiveCfg = Release|x64
		{CD55C6F2-DE59-415F-A843-8F413D9A60B0}.Release|x64.Build.0 = Release|x64
		{CD55C6F2-DE59-415F-A843-8F413D9A60B0}.Release|x86.ActiveCfg = Release|Win32
		{CD55C6F2-DE59-415F-A843-8F413D9A60B0}.Release|x86.Build.0 = Release|Win32
		{D01FEAF5-8747-49D7-A7D1-19DBED5840BE}.Debug|Any CPU.ActiveCfg = Debug|x86
		{D01FEAF5-8747-49D7-A7D1-19DBED5840BE}.Debug|ARM.ActiveCfg = Debug|ARM
		{D01FEAF5-8747-49D7-A7D1-19DBED5840BE}.Debug|ARM.Build.0 = Debug|ARM
		{D01FEAF5-8747-49D7-A7D1-19DBED5840BE}.Debug|ARM.Deploy.0 = Debug|ARM
		{D01FEAF5-8747-49D7-A7D1-19DBED5840BE}.Debug|x64.ActiveCfg = Debug|x64
		{D01FEAF5-8747-49D7-A7D1-19DBED5840BE}.Debug|x64.Build.0 = Debug|x64
		{D01FEAF5-8747-49D7-A7D1-19DBED5840BE}.Debug|x64.Deploy.0 = Debug|x64
		{D01FEAF5-8747-49D7-A7D1-19DBED5840BE}.Debug|x86.ActiveCfg = Debug|x86
		{D01FEAF5-8747-49D7-A7D1-19DBED5840BE}.Debug|x86.Build.0 = Debug|x86
		{D01FEAF5-8747-49D7-A7D1-19DBED5840BE}.Debug|x86.Deploy.0 = Debug|x86
		{D01FEAF5-8747-49D7-A7D1-19DBED5840BE}.Release|Any CPU.ActiveCfg = Release|x86
		{D01FEAF5-8747-49D7-A7D1-19DBED5840BE}.Release|ARM.ActiveCfg = Release|ARM
		{D01FEAF5-8747-49D7-A7D1-19DBED5840BE}.Release|ARM.Build.0 = Release|ARM
		{D01FEAF5-8747-49D7-A7D1-19DBED5840BE}.Release|ARM.Deploy.0 = Release|ARM
		{D01FEAF5-8747-49D7-A7D1-19DBED5840BE}.Release|x64.ActiveCfg = Release|x64
		{D01FEAF5-8747-49D7-A7D1-19DBED5840BE}.Release|x64.Build.0 = Release|x64
		{D01FEAF5-8747-49D7-A7D1-19DBED5840BE}.Release|x64.Deploy.0 = Release|x64
		{D01FEAF5-8747-49D7-A7D1-19DBED5840BE}.Release|x86.ActiveCfg = Release|x86
		{D01FEAF5-8747-49D7-A7D1-19DBED5840BE}.Release|x86.Build.0 = Release|x86
		{D01FEAF5-8747-49D7-A7D1-19DBED5840BE}.Release|x86.Deploy.0 = Release|x86
	EndGlobalSection
	GlobalSection(SolutionProperties) = preSolution
		HideSolutionNode = FALSE
	EndGlobalSection
EndGlobal
