
Microsoft Visual Studio Solution File, Format Version 12.00
# Visual Studio 14
VisualStudioVersion = 14.0.25420.1
MinimumVisualStudioVersion = 10.0.40219.1
Project("{FAE04EC0-301F-11D3-BF4B-00C04F79EFBC}") = "WebRtcWrapper", "WebRtcWrapper\WebRtcWrapper.csproj", "{1857162F-96CC-451F-A4E2-3616207943AB}"
EndProject
Project("{8BC9CEB8-8B4A-11D0-8D11-00A0C91BC942}") = "MediaEngineUWP", "MediaEngineUWP\UWP\MediaEngineUWP.vcxproj", "{4A859119-6730-4612-987F-DABF98F213ED}"
EndProject
Project("{8BC9CEB8-8B4A-11D0-8D11-00A0C91BC942}") = "Shared", "MediaEngineUWP\Shared\Shared.vcxitems", "{FE4A5965-EC67-4F68-B11D-6608906EF016}"
EndProject
Global
	GlobalSection(SharedMSBuildProjectFiles) = preSolution
		MediaEngineUWP\Shared\Shared.vcxitems*{4a859119-6730-4612-987f-dabf98f213ed}*SharedItemsImports = 4
		MediaEngineUWP\Shared\Shared.vcxitems*{fe4a5965-ec67-4f68-b11d-6608906ef016}*SharedItemsImports = 9
	EndGlobalSection
	GlobalSection(SolutionConfigurationPlatforms) = preSolution
		Debug|x64 = Debug|x64
		Debug|x86 = Debug|x86
		Release|x64 = Release|x64
		Release|x86 = Release|x86
	EndGlobalSection
	GlobalSection(ProjectConfigurationPlatforms) = postSolution
		{1857162F-96CC-451F-A4E2-3616207943AB}.Debug|x64.ActiveCfg = Debug|x64
		{1857162F-96CC-451F-A4E2-3616207943AB}.Debug|x64.Build.0 = Debug|x64
		{1857162F-96CC-451F-A4E2-3616207943AB}.Debug|x86.ActiveCfg = Debug|x86
		{1857162F-96CC-451F-A4E2-3616207943AB}.Debug|x86.Build.0 = Debug|x86
		{1857162F-96CC-451F-A4E2-3616207943AB}.Release|x64.ActiveCfg = Release|x64
		{1857162F-96CC-451F-A4E2-3616207943AB}.Release|x64.Build.0 = Release|x64
		{1857162F-96CC-451F-A4E2-3616207943AB}.Release|x86.ActiveCfg = Release|x86
		{1857162F-96CC-451F-A4E2-3616207943AB}.Release|x86.Build.0 = Release|x86
		{4A859119-6730-4612-987F-DABF98F213ED}.Debug|x64.ActiveCfg = Debug|x64
		{4A859119-6730-4612-987F-DABF98F213ED}.Debug|x86.ActiveCfg = Debug|Win32
		{4A859119-6730-4612-987F-DABF98F213ED}.Debug|x86.Build.0 = Debug|Win32
		{4A859119-6730-4612-987F-DABF98F213ED}.Release|x64.ActiveCfg = Release|x64
		{4A859119-6730-4612-987F-DABF98F213ED}.Release|x86.ActiveCfg = Release|Win32
		{4A859119-6730-4612-987F-DABF98F213ED}.Release|x86.Build.0 = Release|Win32
	EndGlobalSection
	GlobalSection(SolutionProperties) = preSolution
		HideSolutionNode = FALSE
	EndGlobalSection
EndGlobal
