<?xml version="1.0" encoding="utf-8"?>
<Project ToolsVersion="15.0" xmlns="http://schemas.microsoft.com/developer/msbuild/2003">
  <ItemGroup>
    <Filter Include="Resource Files">
      <UniqueIdentifier>{67DA6AB6-F800-4c08-8B7A-83BB121AAD01}</UniqueIdentifier>
      <Extensions>rc;ico;cur;bmp;dlg;rc2;rct;bin;rgs;gif;jpg;jpeg;jpe;resx;tga;tiff;tif;png;wav;mfcribbon-ms</Extensions>
    </Filter>
    <Filter Include="Unity">
      <UniqueIdentifier>{d4b65952-8be9-4e5d-bb31-83660139adab}</UniqueIdentifier>
    </Filter>
    <Filter Include="MediaEngine">
      <UniqueIdentifier>{2e2ec603-c4ea-49fa-a978-df4936c749f0}</UniqueIdentifier>
    </Filter>
  </ItemGroup>
  <ItemGroup>
    <ClCompile Include="dllmain.cpp" />
    <ClCompile Include="TexturesUWP.cpp" />
    <ClCompile Include="pch.cpp" />
    <ClCompile Include="mediaEngine\MediaEnginePlayback.cpp">
      <Filter>MediaEngine</Filter>
    </ClCompile>
    <ClCompile Include="mediaEngine\MediaHelpers.cpp">
      <Filter>MediaEngine</Filter>
    </ClCompile>
  </ItemGroup>
  <ItemGroup>
    <ClInclude Include="TexturesUWP.h" />
    <ClInclude Include="pch.h" />
    <ClInclude Include="targetver.h" />
    <ClInclude Include="defs.h" />
    <ClInclude Include="UnityPluginAPI\IUnityInterface.h">
      <Filter>Unity</Filter>
    </ClInclude>
    <ClInclude Include="UnityPluginAPI\IUnityEventQueue.h">
      <Filter>Unity</Filter>
    </ClInclude>
    <ClInclude Include="UnityPluginAPI\IUnityGraphics.h">
      <Filter>Unity</Filter>
    </ClInclude>
    <ClInclude Include="UnityPluginAPI\IUnityGraphicsD3D9.h">
      <Filter>Unity</Filter>
    </ClInclude>
    <ClInclude Include="UnityPluginAPI\IUnityGraphicsD3D11.h">
      <Filter>Unity</Filter>
    </ClInclude>
    <ClInclude Include="UnityPluginAPI\IUnityGraphicsD3D12.h">
      <Filter>Unity</Filter>
    </ClInclude>
    <ClInclude Include="UnityPluginAPI\IUnityGraphicsMetal.h">
      <Filter>Unity</Filter>
    </ClInclude>
    <ClInclude Include="mediaEngine\MediaEnginePlayback.h">
      <Filter>MediaEngine</Filter>
    </ClInclude>
    <ClInclude Include="mediaEngine\MediaHelpers.h">
      <Filter>MediaEngine</Filter>
    </ClInclude>
  </ItemGroup>
  <ItemGroup>
    <None Include="TexturesUWP.def" />
  </ItemGroup>
</Project>