
Microsoft Visual Studio Solution File, Format Version 12.00
# Visual Studio 2015
Project("{FAE04EC0-301F-11D3-BF4B-00C04F79EFBC}") = "3D Fractal Streamer", "3D Fractal Streamer.csproj", "{A95C0782-91E1-927B-B058-6F635A6E499D}"
EndProject
Global
	GlobalSection(SolutionConfigurationPlatforms) = preSolution
		Debug|Any CPU = Debug|Any CPU
		Release|Any CPU = Release|Any CPU
	EndGlobalSection
	GlobalSection(ProjectConfigurationPlatforms) = postSolution
		{A95C0782-91E1-927B-B058-6F635A6E499D}.Debug|Any CPU.ActiveCfg = Debug|Any CPU
		{A95C0782-91E1-927B-B058-6F635A6E499D}.Debug|Any CPU.Build.0 = Debug|Any CPU
		{A95C0782-91E1-927B-B058-6F635A6E499D}.Release|Any CPU.ActiveCfg = Release|Any CPU
		{A95C0782-91E1-927B-B058-6F635A6E499D}.Release|Any CPU.Build.0 = Release|Any CPU
	EndGlobalSection
	GlobalSection(SolutionProperties) = preSolution
		HideSolutionNode = FALSE
	EndGlobalSection
EndGlobal
