
Microsoft Visual Studio Solution File, Format Version 12.00
# Visual Studio 14
VisualStudioVersion = 14.0.25420.1
MinimumVisualStudioVersion = 10.0.40219.1
Project("{8BC9CEB8-8B4A-11D0-8D11-00A0C91BC942}") = "StreamingNativeServerPlugin", "..\Plugins\NativeServerPlugin\StreamingNativeServerPlugin.vcxproj", "{6BC9C817-FD14-4540-A9C0-63CF16F770A6}"
EndProject
Project("{8BC9CEB8-8B4A-11D0-8D11-00A0C91BC942}") = "StreamingUnityServerPlugin", "..\Plugins\UnityServerPlugin\StreamingUnityServerPlugin.vcxproj", "{151FA678-E97E-4470-8D71-426B59AFB20B}"
EndProject
Project("{2150E333-8FDC-42A3-9474-1A3956D46DE8}") = "Servers", "Servers", "{0A5F9ED9-7108-463A-A563-BBBD528BC1A4}"
EndProject
Project("{8BC9CEB8-8B4A-11D0-8D11-00A0C91BC942}") = "MultithreadedServer", "Server\Directx-Multithreaded\MultithreadedServer.vcxproj", "{D93F84C9-9074-43BA-94C4-1FD25C5DD8F7}"
EndProject
Project("{8BC9CEB8-8B4A-11D0-8D11-00A0C91BC942}") = "MultithreadedServerService", "Server\Directx-Multithreaded\MultithreadedServerService.vcxproj", "{90CDEB62-030A-4CA2-9D33-E6E4E08CC9E4}"
EndProject
Project("{8BC9CEB8-8B4A-11D0-8D11-00A0C91BC942}") = "SpinningCubeServer", "Server\Directx-SpinningCube\SpinningCubeServer.vcxproj", "{0C6BB80A-8924-4179-9A94-F8ABEF426DE1}"
EndProject
Project("{8BC9CEB8-8B4A-11D0-8D11-00A0C91BC942}") = "SpinningCubeServerService", "Server\Directx-SpinningCube\SpinningCubeServerService.vcxproj", "{A7B54AE6-00CE-43A9-87AC-C7C7563F8710}"
EndProject
Project("{8BC9CEB8-8B4A-11D0-8D11-00A0C91BC942}") = "StreamingDirectxClient", "Client\DirectxWin32\StreamingDirectxClient.vcxproj", "{DB35DAB6-614D-4097-B739-EF71326EFB05}"
EndProject
Project("{2150E333-8FDC-42A3-9474-1A3956D46DE8}") = "Clients", "Clients", "{E9049A23-41EA-452B-B6AF-6A2B4BD640A3}"
EndProject
Project("{2150E333-8FDC-42A3-9474-1A3956D46DE8}") = "Plugins", "Plugins", "{965DA7DA-2F95-404B-84D0-97BFE2854DC5}"
EndProject
Global
	GlobalSection(SolutionConfigurationPlatforms) = preSolution
		Debug|x64 = Debug|x64
		Debug|x86 = Debug|x86
		Release|x64 = Release|x64
		Release|x86 = Release|x86
	EndGlobalSection
	GlobalSection(ProjectConfigurationPlatforms) = postSolution
		{6BC9C817-FD14-4540-A9C0-63CF16F770A6}.Debug|x64.ActiveCfg = Debug|x64
		{6BC9C817-FD14-4540-A9C0-63CF16F770A6}.Debug|x64.Build.0 = Debug|x64
		{6BC9C817-FD14-4540-A9C0-63CF16F770A6}.Debug|x86.ActiveCfg = Debug|Win32
		{6BC9C817-FD14-4540-A9C0-63CF16F770A6}.Debug|x86.Build.0 = Debug|Win32
		{6BC9C817-FD14-4540-A9C0-63CF16F770A6}.Release|x64.ActiveCfg = Release|x64
		{6BC9C817-FD14-4540-A9C0-63CF16F770A6}.Release|x64.Build.0 = Release|x64
		{6BC9C817-FD14-4540-A9C0-63CF16F770A6}.Release|x86.ActiveCfg = Release|Win32
		{6BC9C817-FD14-4540-A9C0-63CF16F770A6}.Release|x86.Build.0 = Release|Win32
		{151FA678-E97E-4470-8D71-426B59AFB20B}.Debug|x64.ActiveCfg = Debug|x64
		{151FA678-E97E-4470-8D71-426B59AFB20B}.Debug|x64.Build.0 = Debug|x64
		{151FA678-E97E-4470-8D71-426B59AFB20B}.Debug|x86.ActiveCfg = Debug|Win32
		{151FA678-E97E-4470-8D71-426B59AFB20B}.Debug|x86.Build.0 = Debug|Win32
		{151FA678-E97E-4470-8D71-426B59AFB20B}.Release|x64.ActiveCfg = Release|x64
		{151FA678-E97E-4470-8D71-426B59AFB20B}.Release|x64.Build.0 = Release|x64
		{151FA678-E97E-4470-8D71-426B59AFB20B}.Release|x86.ActiveCfg = Release|Win32
		{151FA678-E97E-4470-8D71-426B59AFB20B}.Release|x86.Build.0 = Release|Win32
		{D93F84C9-9074-43BA-94C4-1FD25C5DD8F7}.Debug|x64.ActiveCfg = Debug|x64
		{D93F84C9-9074-43BA-94C4-1FD25C5DD8F7}.Debug|x64.Build.0 = Debug|x64
		{D93F84C9-9074-43BA-94C4-1FD25C5DD8F7}.Debug|x86.ActiveCfg = Debug|Win32
		{D93F84C9-9074-43BA-94C4-1FD25C5DD8F7}.Debug|x86.Build.0 = Debug|Win32
		{D93F84C9-9074-43BA-94C4-1FD25C5DD8F7}.Release|x64.ActiveCfg = Release|x64
		{D93F84C9-9074-43BA-94C4-1FD25C5DD8F7}.Release|x64.Build.0 = Release|x64
		{D93F84C9-9074-43BA-94C4-1FD25C5DD8F7}.Release|x86.ActiveCfg = Release|Win32
		{D93F84C9-9074-43BA-94C4-1FD25C5DD8F7}.Release|x86.Build.0 = Release|Win32
		{90CDEB62-030A-4CA2-9D33-E6E4E08CC9E4}.Debug|x64.ActiveCfg = Debug|x64
		{90CDEB62-030A-4CA2-9D33-E6E4E08CC9E4}.Debug|x64.Build.0 = Debug|x64
		{90CDEB62-030A-4CA2-9D33-E6E4E08CC9E4}.Debug|x86.ActiveCfg = Debug|Win32
		{90CDEB62-030A-4CA2-9D33-E6E4E08CC9E4}.Debug|x86.Build.0 = Debug|Win32
		{90CDEB62-030A-4CA2-9D33-E6E4E08CC9E4}.Release|x64.ActiveCfg = Release|x64
		{90CDEB62-030A-4CA2-9D33-E6E4E08CC9E4}.Release|x64.Build.0 = Release|x64
		{90CDEB62-030A-4CA2-9D33-E6E4E08CC9E4}.Release|x86.ActiveCfg = Release|Win32
		{90CDEB62-030A-4CA2-9D33-E6E4E08CC9E4}.Release|x86.Build.0 = Release|Win32
		{0C6BB80A-8924-4179-9A94-F8ABEF426DE1}.Debug|x64.ActiveCfg = Debug|x64
		{0C6BB80A-8924-4179-9A94-F8ABEF426DE1}.Debug|x64.Build.0 = Debug|x64
		{0C6BB80A-8924-4179-9A94-F8ABEF426DE1}.Debug|x86.ActiveCfg = Debug|Win32
		{0C6BB80A-8924-4179-9A94-F8ABEF426DE1}.Debug|x86.Build.0 = Debug|Win32
		{0C6BB80A-8924-4179-9A94-F8ABEF426DE1}.Release|x64.ActiveCfg = Release|x64
		{0C6BB80A-8924-4179-9A94-F8ABEF426DE1}.Release|x64.Build.0 = Release|x64
		{0C6BB80A-8924-4179-9A94-F8ABEF426DE1}.Release|x86.ActiveCfg = Release|Win32
		{0C6BB80A-8924-4179-9A94-F8ABEF426DE1}.Release|x86.Build.0 = Release|Win32
		{A7B54AE6-00CE-43A9-87AC-C7C7563F8710}.Debug|x64.ActiveCfg = Debug|x64
		{A7B54AE6-00CE-43A9-87AC-C7C7563F8710}.Debug|x64.Build.0 = Debug|x64
		{A7B54AE6-00CE-43A9-87AC-C7C7563F8710}.Debug|x86.ActiveCfg = Debug|Win32
		{A7B54AE6-00CE-43A9-87AC-C7C7563F8710}.Debug|x86.Build.0 = Debug|Win32
		{A7B54AE6-00CE-43A9-87AC-C7C7563F8710}.Release|x64.ActiveCfg = Release|x64
		{A7B54AE6-00CE-43A9-87AC-C7C7563F8710}.Release|x64.Build.0 = Release|x64
		{A7B54AE6-00CE-43A9-87AC-C7C7563F8710}.Release|x86.ActiveCfg = Release|Win32
		{A7B54AE6-00CE-43A9-87AC-C7C7563F8710}.Release|x86.Build.0 = Release|Win32
		{DB35DAB6-614D-4097-B739-EF71326EFB05}.Debug|x64.ActiveCfg = Debug|x64
		{DB35DAB6-614D-4097-B739-EF71326EFB05}.Debug|x64.Build.0 = Debug|x64
		{DB35DAB6-614D-4097-B739-EF71326EFB05}.Debug|x86.ActiveCfg = Debug|Win32
		{DB35DAB6-614D-4097-B739-EF71326EFB05}.Debug|x86.Build.0 = Debug|Win32
		{DB35DAB6-614D-4097-B739-EF71326EFB05}.Release|x64.ActiveCfg = Release|x64
		{DB35DAB6-614D-4097-B739-EF71326EFB05}.Release|x64.Build.0 = Release|x64
		{DB35DAB6-614D-4097-B739-EF71326EFB05}.Release|x86.ActiveCfg = Release|Win32
		{DB35DAB6-614D-4097-B739-EF71326EFB05}.Release|x86.Build.0 = Release|Win32
	EndGlobalSection
	GlobalSection(SolutionProperties) = preSolution
		HideSolutionNode = FALSE
	EndGlobalSection
	GlobalSection(NestedProjects) = preSolution
		{6BC9C817-FD14-4540-A9C0-63CF16F770A6} = {965DA7DA-2F95-404B-84D0-97BFE2854DC5}
		{151FA678-E97E-4470-8D71-426B59AFB20B} = {965DA7DA-2F95-404B-84D0-97BFE2854DC5}
		{D93F84C9-9074-43BA-94C4-1FD25C5DD8F7} = {0A5F9ED9-7108-463A-A563-BBBD528BC1A4}
		{90CDEB62-030A-4CA2-9D33-E6E4E08CC9E4} = {0A5F9ED9-7108-463A-A563-BBBD528BC1A4}
		{0C6BB80A-8924-4179-9A94-F8ABEF426DE1} = {0A5F9ED9-7108-463A-A563-BBBD528BC1A4}
		{A7B54AE6-00CE-43A9-87AC-C7C7563F8710} = {0A5F9ED9-7108-463A-A563-BBBD528BC1A4}
		{DB35DAB6-614D-4097-B739-EF71326EFB05} = {E9049A23-41EA-452B-B6AF-6A2B4BD640A3}
	EndGlobalSection
EndGlobal
