{
	"name": "rn3dtksample",
	"version": "0.0.1",
	"lockfileVersion": 1,
	"requires": true,
	"dependencies": {
		"jest": {
			"version": "21.2.1",
			"resolved": "https://registry.npmjs.org/jest/-/jest-21.2.1.tgz",
			"integrity": "sha512-mXN0ppPvWYoIcC+R+ctKxAJ28xkt/Z5Js875padm4GbgUn6baeR5N4Ng6LjatIRpUQDZVJABT7Y4gucFjPryfw==",
			"dev": true,
			"dependencies": {
				"ansi-regex": {
					"version": "3.0.0",
					"resolved": "https://registry.npmjs.org/ansi-regex/-/ansi-regex-3.0.0.tgz",
					"integrity": "sha1-7QMXwyIGT3lGbAKWa922Bas32Zg="
				},
				"ansi-styles": {
					"version": "3.2.1",
					"resolved": "https://registry.npmjs.org/ansi-styles/-/ansi-styles-3.2.1.tgz",
					"integrity": "sha512-VT0ZI6kZRdTh8YyJw3SMbYm/u+NqfsAxEpWO0Pf9sq8/e94WxxOpPKx9FR1FlyCtOVDNOQ+8ntlqFxiRc+r5qA=="
				},
				"camelcase": {
					"version": "4.1.0",
					"resolved": "https://registry.npmjs.org/camelcase/-/camelcase-4.1.0.tgz",
					"integrity": "sha1-1UVjW+HjPFQmScaRc+Xeas+uNN0="
				},
				"chalk": {
					"version": "2.4.1",
					"resolved": "https://registry.npmjs.org/chalk/-/chalk-2.4.1.tgz",
					"integrity": "sha512-ObN6h1v2fTJSmUXoS3nMQ92LbDK9be4TV+6G+omQlGJFdcUX5heKi1LZ1YnRMIgwTLEj3E24bT6tYni50rlCfQ=="
				},
				"cliui": {
					"version": "3.2.0",
					"resolved": "https://registry.npmjs.org/cliui/-/cliui-3.2.0.tgz",
					"integrity": "sha1-EgYBU3qRbSmUD5NNo7SNWFo5IT0=",
					"dependencies": {
						"ansi-regex": {
							"version": "2.1.1",
							"resolved": "https://registry.npmjs.org/ansi-regex/-/ansi-regex-2.1.1.tgz",
							"integrity": "sha1-w7M6te42DYbg5ijwRorn7yfWVN8="
						},
						"string-width": {
							"version": "1.0.2",
							"resolved": "https://registry.npmjs.org/string-width/-/string-width-1.0.2.tgz",
							"integrity": "sha1-EYvfW4zcUaKn5w0hHgfisLmxB9M="
						},
						"strip-ansi": {
							"version": "3.0.1",
							"resolved": "https://registry.npmjs.org/strip-ansi/-/strip-ansi-3.0.1.tgz",
							"integrity": "sha1-ajhfuIU9lS1f8F0Oiq+UJ43GPc8="
						}
					}
				},
				"execa": {
					"version": "0.7.0",
					"resolved": "https://registry.npmjs.org/execa/-/execa-0.7.0.tgz",
					"integrity": "sha1-lEvs00zEHuMqY6n68nrVpl/Fl3c="
				},
				"find-up": {
					"version": "2.1.0",
					"resolved": "https://registry.npmjs.org/find-up/-/find-up-2.1.0.tgz",
					"integrity": "sha1-RdG35QbHF93UgndaK3eSCjwMV6c="
				},
				"is-fullwidth-code-point": {
					"version": "1.0.0",
					"resolved": "https://registry.npmjs.org/is-fullwidth-code-point/-/is-fullwidth-code-point-1.0.0.tgz",
					"integrity": "sha1-754xOG8DGn8NZDr4L95QxFfvAMs="
				},
				"jest-cli": {
					"version": "21.2.1",
					"resolved": "https://registry.npmjs.org/jest-cli/-/jest-cli-21.2.1.tgz",
					"integrity": "sha512-T1BzrbFxDIW/LLYQqVfo94y/hhaj1NzVQkZgBumAC+sxbjMROI7VkihOdxNR758iYbQykL2ZOWUBurFgkQrzdg=="
				},
				"jest-docblock": {
					"version": "21.2.0",
					"resolved": "https://registry.npmjs.org/jest-docblock/-/jest-docblock-21.2.0.tgz",
					"integrity": "sha512-5IZ7sY9dBAYSV+YjQ0Ovb540Ku7AO9Z5o2Cg789xj167iQuZ2cG+z0f3Uct6WeYLbU6aQiM2pCs7sZ+4dotydw=="
				},
				"jest-haste-map": {
					"version": "21.2.0",
					"resolved": "https://registry.npmjs.org/jest-haste-map/-/jest-haste-map-21.2.0.tgz",
					"integrity": "sha512-5LhsY/loPH7wwOFRMs+PT4aIAORJ2qwgbpMFlbWbxfN0bk3ZCwxJ530vrbSiTstMkYLao6JwBkLhCJ5XbY7ZHw=="
				},
				"load-json-file": {
					"version": "2.0.0",
					"resolved": "https://registry.npmjs.org/load-json-file/-/load-json-file-2.0.0.tgz",
					"integrity": "sha1-eUfkIUmvgNaWy/eXvKq8/h/inKg=",
					"dependencies": {
						"pify": {
							"version": "2.3.0",
							"resolved": "https://registry.npmjs.org/pify/-/pify-2.3.0.tgz",
							"integrity": "sha1-7RQaasBDqEnqWISY59yosVMw6Qw="
						}
					}
				},
				"os-locale": {
					"version": "2.1.0",
					"resolved": "https://registry.npmjs.org/os-locale/-/os-locale-2.1.0.tgz",
					"integrity": "sha512-3sslG3zJbEYcaC4YVAvDorjGxc7tv6KVATnLPZONiljsUncvihe9BQoVCEs0RZ1kmf4Hk9OBqlZfJZWI4GanKA=="
				},
				"path-type": {
					"version": "2.0.0",
					"resolved": "https://registry.npmjs.org/path-type/-/path-type-2.0.0.tgz",
					"integrity": "sha1-8BLMuEFbcJb8LaoQVMPXI4lZTHM=",
					"dependencies": {
						"pify": {
							"version": "2.3.0",
							"resolved": "https://registry.npmjs.org/pify/-/pify-2.3.0.tgz",
							"integrity": "sha1-7RQaasBDqEnqWISY59yosVMw6Qw="
						}
					}
				},
				"pify": {
					"version": "3.0.0",
					"resolved": "https://registry.npmjs.org/pify/-/pify-3.0.0.tgz",
					"integrity": "sha1-5aSs0sEB/fPZpNB/DbxNtJ3SgXY="
				},
				"read-pkg": {
					"version": "2.0.0",
					"resolved": "https://registry.npmjs.org/read-pkg/-/read-pkg-2.0.0.tgz",
					"integrity": "sha1-jvHAYjxqbbDcZxPEv6xGMysjaPg="
				},
				"read-pkg-up": {
					"version": "2.0.0",
					"resolved": "https://registry.npmjs.org/read-pkg-up/-/read-pkg-up-2.0.0.tgz",
					"integrity": "sha1-a3KoBImE4MQeeVEP1en6mbO1Sb4="
				},
				"strip-ansi": {
					"version": "4.0.0",
					"resolved": "https://registry.npmjs.org/strip-ansi/-/strip-ansi-4.0.0.tgz",
					"integrity": "sha1-qEeQIusaw2iocTibY1JixQXuNo8="
				},
				"strip-bom": {
					"version": "3.0.0",
					"resolved": "https://registry.npmjs.org/strip-bom/-/strip-bom-3.0.0.tgz",
					"integrity": "sha1-IzTBjpx1n3vdVv3vfprj1YjmjtM="
				},
				"supports-color": {
					"version": "5.4.0",
					"resolved": "https://registry.npmjs.org/supports-color/-/supports-color-5.4.0.tgz",
					"integrity": "sha512-zjaXglF5nnWpsq470jSv6P9DwPvgLkuapYmfDm3JWOm0vkNTVF2tI4UrN2r6jH1qM/uc/WtxYY1hYoA2dOKj5w=="
				},
				"which-module": {
					"version": "2.0.0",
					"resolved": "https://registry.npmjs.org/which-module/-/which-module-2.0.0.tgz",
					"integrity": "sha1-2e8H3Od7mQK4o6j6SzHD4/fm6Ho="
				},
				"yargs": {
					"version": "9.0.1",
					"resolved": "https://registry.npmjs.org/yargs/-/yargs-9.0.1.tgz",
					"integrity": "sha1-UqzCP+7Kw0BCB47njAwAf1CF20w="
				},
				"yargs-parser": {
					"version": "7.0.0",
					"resolved": "https://registry.npmjs.org/yargs-parser/-/yargs-parser-7.0.0.tgz",
					"integrity": "sha1-jQrELxbqVd69MyyvTEA4s+P139k="
				}
			}
		},
		"js-3dstk": {
			"version": "1.2.1",
			"resolved": "https://registry.npmjs.org/js-3dstk/-/js-3dstk-1.2.1.tgz",
			"integrity": "sha512-Lmz3UZFQMfAJX6pM+rIFRqDHJLv2vzA/lQlaLnocDUdMLLnwriSbqycWt9O5sWQaoiksYiC4cU+ObPK2nsfyig=="
		},
		"react": {
			"version": "16.0.0",
			"resolved": "https://registry.npmjs.org/react/-/react-16.0.0.tgz",
			"integrity": "sha1-zn348ZQbA28Cssyp29DLHw6FXi0="
		},
		"react-native": {
			"version": "0.49.3",
			"resolved": "https://registry.npmjs.org/react-native/-/react-native-0.49.3.tgz",
			"integrity": "sha1-DKRZ7kn5xZ6DJrLO2eNMWTM6LyY=",
			"dependencies": {
				"fbjs": {
					"version": "0.8.14",
					"resolved": "https://registry.npmjs.org/fbjs/-/fbjs-0.8.14.tgz",
					"integrity": "sha1-0dviviVMNakeCfMfnNUKQLKg7Rw="
				},
				"whatwg-fetch": {
					"version": "1.1.1",
					"resolved": "https://registry.npmjs.org/whatwg-fetch/-/whatwg-fetch-1.1.1.tgz",
					"integrity": "sha1-rDydOfMgxtzlM5lp0FTvQ90zMxk="
				}
			}
		},
		"react-native-gesture-handler": {
			"version": "1.0.5",
			"resolved": "https://registry.npmjs.org/react-native-gesture-handler/-/react-native-gesture-handler-1.0.5.tgz",
			"integrity": "sha512-HGG9CinmsPrck7UXb//WHKra8/AFdXQyFfUpvmrFrhQqf1BCU6mVyMypOifYNu3zJUr+UNNzSsk9ZdAo9Ncrmg=="
		},
		"react-native-webrtc": {
			"version": "1.58.3",
			"resolved": "https://registry.npmjs.org/react-native-webrtc/-/react-native-webrtc-1.58.3.tgz",
			"integrity": "sha1-TU9PBXzPHsJfmFxjrabEobROXEk="
		},
		"react-navigation": {
			"version": "1.5.12",
			"resolved": "https://registry.npmjs.org/react-navigation/-/react-navigation-1.5.12.tgz",
			"integrity": "sha512-+i0ymFHokQxjv0/0knBUtxC1zuyvLgbDVPFU7ScKxT25SGVh2exuRjYwXImF234/qtYMskfY7bfhEjGLcXPySQ=="
		},
		"react-test-renderer": {
			"version": "16.0.0",
			"resolved": "https://registry.npmjs.org/react-test-renderer/-/react-test-renderer-16.0.0.tgz",
			"integrity": "sha1-n+e4MI8vcfKfw1bUECCG8THJyxU=",
			"dev": true
		},
		"valid-url": {
			"version": "1.0.9",
			"resolved": "https://registry.npmjs.org/valid-url/-/valid-url-1.0.9.tgz",
			"integrity": "sha1-HBRHm0DxOXp1eC8RXkCGRHQzogA="
		}
	}
}
