<?xml version="1.0" encoding="utf-8"?>
<Project ToolsVersion="4.0" xmlns="http://schemas.microsoft.com/developer/msbuild/2003">
  <ItemGroup>
    <Filter Include="Source">
      <UniqueIdentifier>{d03f06a0-8a48-44b0-bc16-c7999cea4745}</UniqueIdentifier>
    </Filter>
    <Filter Include="Headers">
      <UniqueIdentifier>{bb64e837-aed6-41b4-82c0-1e0cdf062a3c}</UniqueIdentifier>
    </Filter>
    <Filter Include="Shaders">
      <UniqueIdentifier>{23801428-eb95-4954-ac80-c0f25d79e028}</UniqueIdentifier>
    </Filter>
  </ItemGroup>
  <ItemGroup>
    <FxCompile Include="Shaders\PixelShader.hlsl">
      <Filter>Shaders</Filter>
    </FxCompile>
    <FxCompile Include="Shaders\VertexShader.hlsl">
      <Filter>Shaders</Filter>
    </FxCompile>
  </ItemGroup>
  <ItemGroup>
    <ClCompile Include="pch.cpp" />
    <ClCompile Include="Content\CubeRenderer.cpp">
      <Filter>Source</Filter>
    </ClCompile>
    <ClCompile Include="Common\DeviceResources.cpp">
      <Filter>Source</Filter>
    </ClCompile>
    <ClCompile Include="App.cpp">
      <Filter>Source</Filter>
    </ClCompile>
  </ItemGroup>
  <ItemGroup>
    <ClInclude Include="pch.h" />
    <ClInclude Include="webrtc.h">
      <Filter>Headers</Filter>
    </ClInclude>
    <ClInclude Include="test_runner.h">
      <Filter>Headers</Filter>
    </ClInclude>
    <ClInclude Include="server_renderer.h">
      <Filter>Headers</Filter>
    </ClInclude>
    <ClInclude Include="Common\DeviceResources.h">
      <Filter>Headers</Filter>
    </ClInclude>
    <ClInclude Include="Common\DirectXHelper.h">
      <Filter>Headers</Filter>
    </ClInclude>
    <ClInclude Include="Content\CubeRenderer.h">
      <Filter>Headers</Filter>
    </ClInclude>
  </ItemGroup>
</Project>