<?xml version="1.0" encoding="utf-8"?>
<Project ToolsVersion="4.0" xmlns="http://schemas.microsoft.com/developer/msbuild/2003">
  <ItemGroup>
    <Filter Include="inc">
      <UniqueIdentifier>{93995380-89BD-4b04-88EB-625FBE52EBFB}</UniqueIdentifier>
      <Extensions>h;hh;hpp;hxx;hm;inl;inc;xsd</Extensions>
    </Filter>
    <Filter Include="src">
      <UniqueIdentifier>{c3e13ae0-3b9f-4596-8443-feaf666125e1}</UniqueIdentifier>
    </Filter>
  </ItemGroup>
  <ItemGroup>
    <ClCompile Include="pch.cpp" />
  </ItemGroup>
  <ItemGroup>
    <ClInclude Include="inc\cudaModuleMgr.h">
      <Filter>inc</Filter>
    </ClInclude>
    <ClInclude Include="inc\drvapi_error_string.h">
      <Filter>inc</Filter>
    </ClInclude>
    <ClInclude Include="inc\dynlink_builtin_types.h">
      <Filter>inc</Filter>
    </ClInclude>
    <ClInclude Include="inc\dynlink_cuda.h">
      <Filter>inc</Filter>
    </ClInclude>
    <ClInclude Include="inc\dynlink_cuda_cuda.h">
      <Filter>inc</Filter>
    </ClInclude>
    <ClInclude Include="inc\dynlink_cuda_d3d.h">
      <Filter>inc</Filter>
    </ClInclude>
    <ClInclude Include="inc\dynlink_cuda_gl.h">
      <Filter>inc</Filter>
    </ClInclude>
    <ClInclude Include="inc\dynlink_cudaD3D9.h">
      <Filter>inc</Filter>
    </ClInclude>
    <ClInclude Include="inc\dynlink_cudaD3D10.h">
      <Filter>inc</Filter>
    </ClInclude>
    <ClInclude Include="inc\dynlink_cudaD3D11.h">
      <Filter>inc</Filter>
    </ClInclude>
    <ClInclude Include="inc\dynlink_cudaGL.h">
      <Filter>inc</Filter>
    </ClInclude>
    <ClInclude Include="inc\dynlink_cuviddec.h">
      <Filter>inc</Filter>
    </ClInclude>
    <ClInclude Include="inc\dynlink_nvcuvid.h">
      <Filter>inc</Filter>
    </ClInclude>
    <ClInclude Include="inc\exception.h">
      <Filter>inc</Filter>
    </ClInclude>
    <ClInclude Include="inc\helper_cuda.h">
      <Filter>inc</Filter>
    </ClInclude>
    <ClInclude Include="inc\helper_cuda_drvapi.h">
      <Filter>inc</Filter>
    </ClInclude>
    <ClInclude Include="inc\helper_functions.h">
      <Filter>inc</Filter>
    </ClInclude>
    <ClInclude Include="inc\helper_string.h">
      <Filter>inc</Filter>
    </ClInclude>
    <ClInclude Include="inc\helper_timer.h">
      <Filter>inc</Filter>
    </ClInclude>
    <ClInclude Include="inc\nvCPUOPSys.h">
      <Filter>inc</Filter>
    </ClInclude>
    <ClInclude Include="inc\nvEncodeAPI.h">
      <Filter>inc</Filter>
    </ClInclude>
    <ClInclude Include="inc\nvFileIO.h">
      <Filter>inc</Filter>
    </ClInclude>
    <ClInclude Include="inc\NvHWEncoder.h">
      <Filter>inc</Filter>
    </ClInclude>
    <ClInclude Include="inc\nvUtils.h">
      <Filter>inc</Filter>
    </ClInclude>
    <ClInclude Include="pch.h" />
    <ClInclude Include="inc\macros.h">
      <Filter>inc</Filter>
    </ClInclude>
  </ItemGroup>
</Project>